{
  "version": 4,
  "terraform_version": "1.7.4",
  "serial": 250,
  "lineage": "1ac97b5e-f9b6-937e-d879-7cc018b80544",
  "outputs": {},
  "resources": [
    {
      "mode": "data",
      "type": "aws_caller_identity",
      "name": "current",
      "provider": "provider[\"registry.terraform.io/hashicorp/aws\"]",
      "instances": [
        {
          "schema_version": 0,
          "attributes": {
            "account_id": "767397787090",
            "arn": "arn:aws:iam::767397787090:user/vscode-user",
            "id": "767397787090",
            "user_id": "AIDA3FLDY6XJPCJ7TIVWQ"
          },
          "sensitive_attributes": []
        }
      ]
    },
    {
      "module": "module.lambdas.module.lambda_function1",
      "mode": "data",
      "type": "aws_caller_identity",
      "name": "current",
      "provider": "provider[\"registry.terraform.io/hashicorp/aws\"]",
      "instances": [
        {
          "schema_version": 0,
          "attributes": {
            "account_id": "767397787090",
            "arn": "arn:aws:iam::767397787090:user/vscode-user",
            "id": "767397787090",
            "user_id": "AIDA3FLDY6XJPCJ7TIVWQ"
          },
          "sensitive_attributes": []
        }
      ]
    },
    {
      "module": "module.lambdas.module.lambda_function1",
      "mode": "data",
      "type": "aws_iam_policy_document",
      "name": "assume_role",
      "provider": "provider[\"registry.terraform.io/hashicorp/aws\"]",
      "instances": [
        {
          "index_key": 0,
          "schema_version": 0,
          "attributes": {
            "id": "2690255455",
            "json": "{\n  \"Version\": \"2012-10-17\",\n  \"Statement\": [\n    {\n      \"Effect\": \"Allow\",\n      \"Action\": \"sts:AssumeRole\",\n      \"Principal\": {\n        \"Service\": \"lambda.amazonaws.com\"\n      }\n    }\n  ]\n}",
            "override_policy_documents": null,
            "policy_id": null,
            "source_policy_documents": null,
            "statement": [
              {
                "actions": [
                  "sts:AssumeRole"
                ],
                "condition": [],
                "effect": "Allow",
                "not_actions": [],
                "not_principals": [],
                "not_resources": [],
                "principals": [
                  {
                    "identifiers": [
                      "lambda.amazonaws.com"
                    ],
                    "type": "Service"
                  }
                ],
                "resources": [],
                "sid": ""
              }
            ],
            "version": "2012-10-17"
          },
          "sensitive_attributes": []
        }
      ]
    },
    {
      "module": "module.lambdas.module.lambda_function1",
      "mode": "data",
      "type": "aws_iam_policy_document",
      "name": "logs",
      "provider": "provider[\"registry.terraform.io/hashicorp/aws\"]",
      "instances": [
        {
          "index_key": 0,
          "schema_version": 0,
          "attributes": {
            "id": "2850322642",
            "json": "{\n  \"Version\": \"2012-10-17\",\n  \"Statement\": [\n    {\n      \"Effect\": \"Allow\",\n      \"Action\": [\n        \"logs:PutLogEvents\",\n        \"logs:CreateLogStream\",\n        \"logs:CreateLogGroup\"\n      ],\n      \"Resource\": [\n        \"arn:aws:logs:eu-central-1:767397787090:log-group:/aws/lambda/get-all-authors:*:*\",\n        \"arn:aws:logs:eu-central-1:767397787090:log-group:/aws/lambda/get-all-authors:*\"\n      ]\n    }\n  ]\n}",
            "override_policy_documents": null,
            "policy_id": null,
            "source_policy_documents": null,
            "statement": [
              {
                "actions": [
                  "logs:CreateLogGroup",
                  "logs:CreateLogStream",
                  "logs:PutLogEvents"
                ],
                "condition": [],
                "effect": "Allow",
                "not_actions": [],
                "not_principals": [],
                "not_resources": [],
                "principals": [],
                "resources": [
                  "arn:aws:logs:eu-central-1:767397787090:log-group:/aws/lambda/get-all-authors:*",
                  "arn:aws:logs:eu-central-1:767397787090:log-group:/aws/lambda/get-all-authors:*:*"
                ],
                "sid": ""
              }
            ],
            "version": "2012-10-17"
          },
          "sensitive_attributes": []
        }
      ]
    },
    {
      "module": "module.lambdas.module.lambda_function1",
      "mode": "data",
      "type": "aws_partition",
      "name": "current",
      "provider": "provider[\"registry.terraform.io/hashicorp/aws\"]",
      "instances": [
        {
          "schema_version": 0,
          "attributes": {
            "dns_suffix": "amazonaws.com",
            "id": "aws",
            "partition": "aws",
            "reverse_dns_prefix": "com.amazonaws"
          },
          "sensitive_attributes": []
        }
      ]
    },
    {
      "module": "module.lambdas.module.lambda_function1",
      "mode": "data",
      "type": "aws_region",
      "name": "current",
      "provider": "provider[\"registry.terraform.io/hashicorp/aws\"]",
      "instances": [
        {
          "schema_version": 0,
          "attributes": {
            "description": "Europe (Frankfurt)",
            "endpoint": "ec2.eu-central-1.amazonaws.com",
            "id": "eu-central-1",
            "name": "eu-central-1"
          },
          "sensitive_attributes": []
        }
      ]
    },
    {
      "module": "module.lambdas.module.lambda_function1",
      "mode": "data",
      "type": "external",
      "name": "archive_prepare",
      "provider": "provider[\"registry.terraform.io/hashicorp/external\"]",
      "instances": [
        {
          "index_key": 0,
          "schema_version": 0,
          "attributes": {
            "id": "-",
            "program": [
              "python3",
              ".terraform/modules/lambdas.lambda_function1/package.py",
              "prepare"
            ],
            "query": {
              "artifacts_dir": "builds",
              "docker": null,
              "hash_extra": "",
              "hash_extra_paths": "[]",
              "paths": "{\"cwd\":\"/Users/uliazapletnuk/Desktop/^_^/хмарні/cloudTechnologies\",\"module\":\".terraform/modules/lambdas.lambda_function1\",\"root\":\".\"}",
              "recreate_missing_package": "true",
              "runtime": "nodejs16.x",
              "source_path": "\"modules/lambda/src/get-all-authors\""
            },
            "result": {
              "build_plan": "{\"filename\": \"builds/e0dc72f86a7ada22ecf165af64280b2aaa60193d72eaddd84266d5089e45ed67.zip\", \"runtime\": \"nodejs16.x\", \"artifacts_dir\": \"builds\", \"build_plan\": [[\"zip\", \"modules/lambda/src/get-all-authors\", null]]}",
              "build_plan_filename": "builds/e0dc72f86a7ada22ecf165af64280b2aaa60193d72eaddd84266d5089e45ed67.plan.json",
              "filename": "builds/e0dc72f86a7ada22ecf165af64280b2aaa60193d72eaddd84266d5089e45ed67.zip",
              "timestamp": "1711483955167973000",
              "was_missing": "false"
            },
            "working_dir": null
          },
          "sensitive_attributes": []
        }
      ]
    },
    {
      "module": "module.lambdas.module.lambda_function1",
      "mode": "managed",
      "type": "aws_cloudwatch_log_group",
      "name": "lambda",
      "provider": "provider[\"registry.terraform.io/hashicorp/aws\"]",
      "instances": [
        {
          "index_key": 0,
          "schema_version": 0,
          "attributes": {
            "arn": "arn:aws:logs:eu-central-1:767397787090:log-group:/aws/lambda/get-all-authors",
            "id": "/aws/lambda/get-all-authors",
            "kms_key_id": "",
            "log_group_class": "STANDARD",
            "name": "/aws/lambda/get-all-authors",
            "name_prefix": "",
            "retention_in_days": 0,
            "skip_destroy": false,
            "tags": null,
            "tags_all": {}
          },
          "sensitive_attributes": [],
          "private": "bnVsbA=="
        }
      ]
    },
    {
      "module": "module.lambdas.module.lambda_function1",
      "mode": "managed",
      "type": "aws_iam_policy",
      "name": "logs",
      "provider": "provider[\"registry.terraform.io/hashicorp/aws\"]",
      "instances": [
        {
          "index_key": 0,
          "schema_version": 0,
          "attributes": {
            "arn": "arn:aws:iam::767397787090:policy/get-all-authors-logs",
            "description": "",
            "id": "arn:aws:iam::767397787090:policy/get-all-authors-logs",
            "name": "get-all-authors-logs",
            "name_prefix": "",
            "path": "/",
            "policy": "{\"Statement\":[{\"Action\":[\"logs:PutLogEvents\",\"logs:CreateLogStream\",\"logs:CreateLogGroup\"],\"Effect\":\"Allow\",\"Resource\":[\"arn:aws:logs:eu-central-1:767397787090:log-group:/aws/lambda/get-all-authors:*:*\",\"arn:aws:logs:eu-central-1:767397787090:log-group:/aws/lambda/get-all-authors:*\"]}],\"Version\":\"2012-10-17\"}",
            "policy_id": "ANPA3FLDY6XJO5DIWUAGF",
            "tags": null,
            "tags_all": {}
          },
          "sensitive_attributes": [],
          "private": "bnVsbA==",
          "dependencies": [
            "module.lambdas.module.lambda_function1.aws_cloudwatch_log_group.lambda",
            "module.lambdas.module.lambda_function1.data.aws_arn.log_group_arn",
            "module.lambdas.module.lambda_function1.data.aws_cloudwatch_log_group.lambda",
            "module.lambdas.module.lambda_function1.data.aws_iam_policy_document.logs"
          ]
        }
      ]
    },
    {
      "module": "module.lambdas.module.lambda_function1",
      "mode": "managed",
      "type": "aws_iam_role",
      "name": "lambda",
      "provider": "provider[\"registry.terraform.io/hashicorp/aws\"]",
      "instances": [
        {
          "index_key": 0,
          "schema_version": 0,
          "attributes": {
            "arn": "arn:aws:iam::767397787090:role/get-all-authors",
            "assume_role_policy": "{\"Statement\":[{\"Action\":\"sts:AssumeRole\",\"Effect\":\"Allow\",\"Principal\":{\"Service\":\"lambda.amazonaws.com\"}}],\"Version\":\"2012-10-17\"}",
            "create_date": "2024-03-26T20:27:00Z",
            "description": "",
            "force_detach_policies": true,
            "id": "get-all-authors",
            "inline_policy": [],
            "managed_policy_arns": [],
            "max_session_duration": 3600,
            "name": "get-all-authors",
            "name_prefix": "",
            "path": "/",
            "permissions_boundary": "",
            "tags": null,
            "tags_all": {},
            "unique_id": "AROA3FLDY6XJALQE25K33"
          },
          "sensitive_attributes": [],
          "private": "bnVsbA==",
          "dependencies": [
            "module.lambdas.module.lambda_function1.data.aws_iam_policy_document.assume_role"
          ]
        }
      ]
    },
    {
      "module": "module.lambdas.module.lambda_function1",
      "mode": "managed",
      "type": "aws_iam_role_policy_attachment",
      "name": "logs",
      "provider": "provider[\"registry.terraform.io/hashicorp/aws\"]",
      "instances": [
        {
          "index_key": 0,
          "schema_version": 0,
          "attributes": {
            "id": "get-all-authors-20240326202701266400000002",
            "policy_arn": "arn:aws:iam::767397787090:policy/get-all-authors-logs",
            "role": "get-all-authors"
          },
          "sensitive_attributes": [],
          "private": "bnVsbA==",
          "dependencies": [
            "module.lambdas.module.lambda_function1.aws_cloudwatch_log_group.lambda",
            "module.lambdas.module.lambda_function1.aws_iam_policy.logs",
            "module.lambdas.module.lambda_function1.aws_iam_role.lambda",
            "module.lambdas.module.lambda_function1.data.aws_arn.log_group_arn",
            "module.lambdas.module.lambda_function1.data.aws_cloudwatch_log_group.lambda",
            "module.lambdas.module.lambda_function1.data.aws_iam_policy_document.assume_role",
            "module.lambdas.module.lambda_function1.data.aws_iam_policy_document.logs"
          ]
        }
      ]
    },
    {
      "module": "module.lambdas.module.lambda_function1",
      "mode": "managed",
      "type": "aws_lambda_function",
      "name": "this",
      "provider": "provider[\"registry.terraform.io/hashicorp/aws\"]",
      "instances": [
        {
          "index_key": 0,
          "schema_version": 0,
          "attributes": {
            "architectures": [
              "x86_64"
            ],
            "arn": "arn:aws:lambda:eu-central-1:767397787090:function:get-all-authors",
            "code_signing_config_arn": "",
            "dead_letter_config": [],
            "description": "lambda function",
            "environment": [],
            "ephemeral_storage": [
              {
                "size": 512
              }
            ],
            "file_system_config": [],
            "filename": "builds/e0dc72f86a7ada22ecf165af64280b2aaa60193d72eaddd84266d5089e45ed67.zip",
            "function_name": "get-all-authors",
            "handler": "index.handler",
            "id": "get-all-authors",
            "image_config": [],
            "image_uri": "",
            "invoke_arn": "arn:aws:apigateway:eu-central-1:lambda:path/2015-03-31/functions/arn:aws:lambda:eu-central-1:767397787090:function:get-all-authors/invocations",
            "kms_key_arn": "",
            "last_modified": "2024-03-26T20:27:20.477+0000",
            "layers": null,
            "logging_config": [
              {
                "application_log_level": "",
                "log_format": "Text",
                "log_group": "/aws/lambda/get-all-authors",
                "system_log_level": ""
              }
            ],
            "memory_size": 128,
            "package_type": "Zip",
            "publish": false,
            "qualified_arn": "arn:aws:lambda:eu-central-1:767397787090:function:get-all-authors:$LATEST",
            "qualified_invoke_arn": "arn:aws:apigateway:eu-central-1:lambda:path/2015-03-31/functions/arn:aws:lambda:eu-central-1:767397787090:function:get-all-authors:$LATEST/invocations",
            "replace_security_groups_on_destroy": null,
            "replacement_security_group_ids": null,
            "reserved_concurrent_executions": -1,
            "role": "arn:aws:iam::767397787090:role/get-all-authors",
            "runtime": "nodejs16.x",
            "s3_bucket": null,
            "s3_key": null,
            "s3_object_version": null,
            "signing_job_arn": "",
            "signing_profile_version_arn": "",
            "skip_destroy": false,
            "snap_start": [],
            "source_code_hash": "6c6z2wKDVw4c3ekovd3hZTtsPHCdLfaPm2Jw+CrwnAk=",
            "source_code_size": 370,
            "tags": null,
            "tags_all": {},
            "timeout": 3,
            "timeouts": null,
            "tracing_config": [
              {
                "mode": "PassThrough"
              }
            ],
            "version": "$LATEST",
            "vpc_config": []
          },
          "sensitive_attributes": [],
          "private": "eyJlMmJmYjczMC1lY2FhLTExZTYtOGY4OC0zNDM2M2JjN2M0YzAiOnsiY3JlYXRlIjo2MDAwMDAwMDAwMDAsImRlbGV0ZSI6NjAwMDAwMDAwMDAwLCJ1cGRhdGUiOjYwMDAwMDAwMDAwMH19",
          "dependencies": [
            "module.lambdas.module.lambda_function1.aws_cloudwatch_log_group.lambda",
            "module.lambdas.module.lambda_function1.aws_iam_policy.additional_inline",
            "module.lambdas.module.lambda_function1.aws_iam_policy.additional_json",
            "module.lambdas.module.lambda_function1.aws_iam_policy.additional_jsons",
            "module.lambdas.module.lambda_function1.aws_iam_policy.async",
            "module.lambdas.module.lambda_function1.aws_iam_policy.dead_letter",
            "module.lambdas.module.lambda_function1.aws_iam_policy.logs",
            "module.lambdas.module.lambda_function1.aws_iam_policy.tracing",
            "module.lambdas.module.lambda_function1.aws_iam_policy.vpc",
            "module.lambdas.module.lambda_function1.aws_iam_role.lambda",
            "module.lambdas.module.lambda_function1.aws_iam_role_policy_attachment.additional_inline",
            "module.lambdas.module.lambda_function1.aws_iam_role_policy_attachment.additional_json",
            "module.lambdas.module.lambda_function1.aws_iam_role_policy_attachment.additional_jsons",
            "module.lambdas.module.lambda_function1.aws_iam_role_policy_attachment.additional_many",
            "module.lambdas.module.lambda_function1.aws_iam_role_policy_attachment.additional_one",
            "module.lambdas.module.lambda_function1.aws_iam_role_policy_attachment.async",
            "module.lambdas.module.lambda_function1.aws_iam_role_policy_attachment.dead_letter",
            "module.lambdas.module.lambda_function1.aws_iam_role_policy_attachment.logs",
            "module.lambdas.module.lambda_function1.aws_iam_role_policy_attachment.tracing",
            "module.lambdas.module.lambda_function1.aws_iam_role_policy_attachment.vpc",
            "module.lambdas.module.lambda_function1.aws_s3_object.lambda_package",
            "module.lambdas.module.lambda_function1.data.aws_arn.log_group_arn",
            "module.lambdas.module.lambda_function1.data.aws_cloudwatch_log_group.lambda",
            "module.lambdas.module.lambda_function1.data.aws_iam_policy.tracing",
            "module.lambdas.module.lambda_function1.data.aws_iam_policy.vpc",
            "module.lambdas.module.lambda_function1.data.aws_iam_policy_document.additional_inline",
            "module.lambdas.module.lambda_function1.data.aws_iam_policy_document.assume_role",
            "module.lambdas.module.lambda_function1.data.aws_iam_policy_document.async",
            "module.lambdas.module.lambda_function1.data.aws_iam_policy_document.dead_letter",
            "module.lambdas.module.lambda_function1.data.aws_iam_policy_document.logs",
            "module.lambdas.module.lambda_function1.data.aws_partition.current",
            "module.lambdas.module.lambda_function1.data.external.archive_prepare",
            "module.lambdas.module.lambda_function1.local_file.archive_plan",
            "module.lambdas.module.lambda_function1.null_resource.archive"
          ]
        }
      ]
    },
    {
      "module": "module.lambdas.module.lambda_function1",
      "mode": "managed",
      "type": "local_file",
      "name": "archive_plan",
      "provider": "provider[\"registry.terraform.io/hashicorp/local\"]",
      "instances": [
        {
          "index_key": 0,
          "schema_version": 0,
          "attributes": {
            "content": "{\"filename\": \"builds/e0dc72f86a7ada22ecf165af64280b2aaa60193d72eaddd84266d5089e45ed67.zip\", \"runtime\": \"nodejs16.x\", \"artifacts_dir\": \"builds\", \"build_plan\": [[\"zip\", \"modules/lambda/src/get-all-authors\", null]]}",
            "content_base64": null,
            "content_base64sha256": "/uPkvEzh8nLVE65NkSeqP7xwsQSVOEPjzgk8VN1OdOc=",
            "content_base64sha512": "KiuK4t7shYM/deejtVL3pZAfBE8h5pKyX5AxPJyBYpbtf7wg82lAS/D0JfBJd9LgabzvqU4Y/IPaj36yRB+5rQ==",
            "content_md5": "fd9095fff221e56bfde987be7dd53282",
            "content_sha1": "e2142f0ecc39c8e00239bdbfc07f9f012b1df233",
            "content_sha256": "fee3e4bc4ce1f272d513ae4d9127aa3fbc70b104953843e3ce093c54dd4e74e7",
            "content_sha512": "2a2b8ae2deec85833f75e7a3b552f7a5901f044f21e692b25f90313c9c816296ed7fbc20f369404bf0f425f04977d2e069bcefa94e18fc83da8f7eb2441fb9ad",
            "directory_permission": "0755",
            "file_permission": "0644",
            "filename": "builds/e0dc72f86a7ada22ecf165af64280b2aaa60193d72eaddd84266d5089e45ed67.plan.json",
            "id": "e2142f0ecc39c8e00239bdbfc07f9f012b1df233",
            "sensitive_content": null,
            "source": null
          },
          "sensitive_attributes": [],
          "dependencies": [
            "module.lambdas.module.lambda_function1.data.external.archive_prepare"
          ]
        }
      ]
    },
    {
      "module": "module.lambdas.module.lambda_function1",
      "mode": "managed",
      "type": "null_resource",
      "name": "archive",
      "provider": "provider[\"registry.terraform.io/hashicorp/null\"]",
      "instances": [
        {
          "index_key": 0,
          "schema_version": 0,
          "attributes": {
            "id": "230264563899621501",
            "triggers": {
              "filename": "builds/e0dc72f86a7ada22ecf165af64280b2aaa60193d72eaddd84266d5089e45ed67.zip",
              "timestamp": "1711483955167973000"
            }
          },
          "sensitive_attributes": [],
          "dependencies": [
            "module.lambdas.module.lambda_function1.data.external.archive_prepare",
            "module.lambdas.module.lambda_function1.local_file.archive_plan"
          ]
        }
      ]
    },
    {
      "module": "module.lambdas.module.lambda_function2",
      "mode": "data",
      "type": "aws_caller_identity",
      "name": "current",
      "provider": "provider[\"registry.terraform.io/hashicorp/aws\"]",
      "instances": [
        {
          "schema_version": 0,
          "attributes": {
            "account_id": "767397787090",
            "arn": "arn:aws:iam::767397787090:user/vscode-user",
            "id": "767397787090",
            "user_id": "AIDA3FLDY6XJPCJ7TIVWQ"
          },
          "sensitive_attributes": []
        }
      ]
    },
    {
      "module": "module.lambdas.module.lambda_function2",
      "mode": "data",
      "type": "aws_iam_policy_document",
      "name": "assume_role",
      "provider": "provider[\"registry.terraform.io/hashicorp/aws\"]",
      "instances": [
        {
          "index_key": 0,
          "schema_version": 0,
          "attributes": {
            "id": "2690255455",
            "json": "{\n  \"Version\": \"2012-10-17\",\n  \"Statement\": [\n    {\n      \"Effect\": \"Allow\",\n      \"Action\": \"sts:AssumeRole\",\n      \"Principal\": {\n        \"Service\": \"lambda.amazonaws.com\"\n      }\n    }\n  ]\n}",
            "override_policy_documents": null,
            "policy_id": null,
            "source_policy_documents": null,
            "statement": [
              {
                "actions": [
                  "sts:AssumeRole"
                ],
                "condition": [],
                "effect": "Allow",
                "not_actions": [],
                "not_principals": [],
                "not_resources": [],
                "principals": [
                  {
                    "identifiers": [
                      "lambda.amazonaws.com"
                    ],
                    "type": "Service"
                  }
                ],
                "resources": [],
                "sid": ""
              }
            ],
            "version": "2012-10-17"
          },
          "sensitive_attributes": []
        }
      ]
    },
    {
      "module": "module.lambdas.module.lambda_function2",
      "mode": "data",
      "type": "aws_iam_policy_document",
      "name": "logs",
      "provider": "provider[\"registry.terraform.io/hashicorp/aws\"]",
      "instances": [
        {
          "index_key": 0,
          "schema_version": 0,
          "attributes": {
            "id": "1794624012",
            "json": "{\n  \"Version\": \"2012-10-17\",\n  \"Statement\": [\n    {\n      \"Effect\": \"Allow\",\n      \"Action\": [\n        \"logs:PutLogEvents\",\n        \"logs:CreateLogStream\",\n        \"logs:CreateLogGroup\"\n      ],\n      \"Resource\": [\n        \"arn:aws:logs:eu-central-1:767397787090:log-group:/aws/lambda/get-all-courses:*:*\",\n        \"arn:aws:logs:eu-central-1:767397787090:log-group:/aws/lambda/get-all-courses:*\"\n      ]\n    }\n  ]\n}",
            "override_policy_documents": null,
            "policy_id": null,
            "source_policy_documents": null,
            "statement": [
              {
                "actions": [
                  "logs:CreateLogGroup",
                  "logs:CreateLogStream",
                  "logs:PutLogEvents"
                ],
                "condition": [],
                "effect": "Allow",
                "not_actions": [],
                "not_principals": [],
                "not_resources": [],
                "principals": [],
                "resources": [
                  "arn:aws:logs:eu-central-1:767397787090:log-group:/aws/lambda/get-all-courses:*",
                  "arn:aws:logs:eu-central-1:767397787090:log-group:/aws/lambda/get-all-courses:*:*"
                ],
                "sid": ""
              }
            ],
            "version": "2012-10-17"
          },
          "sensitive_attributes": []
        }
      ]
    },
    {
      "module": "module.lambdas.module.lambda_function2",
      "mode": "data",
      "type": "aws_partition",
      "name": "current",
      "provider": "provider[\"registry.terraform.io/hashicorp/aws\"]",
      "instances": [
        {
          "schema_version": 0,
          "attributes": {
            "dns_suffix": "amazonaws.com",
            "id": "aws",
            "partition": "aws",
            "reverse_dns_prefix": "com.amazonaws"
          },
          "sensitive_attributes": []
        }
      ]
    },
    {
      "module": "module.lambdas.module.lambda_function2",
      "mode": "data",
      "type": "aws_region",
      "name": "current",
      "provider": "provider[\"registry.terraform.io/hashicorp/aws\"]",
      "instances": [
        {
          "schema_version": 0,
          "attributes": {
            "description": "Europe (Frankfurt)",
            "endpoint": "ec2.eu-central-1.amazonaws.com",
            "id": "eu-central-1",
            "name": "eu-central-1"
          },
          "sensitive_attributes": []
        }
      ]
    },
    {
      "module": "module.lambdas.module.lambda_function2",
      "mode": "data",
      "type": "external",
      "name": "archive_prepare",
      "provider": "provider[\"registry.terraform.io/hashicorp/external\"]",
      "instances": [
        {
          "index_key": 0,
          "schema_version": 0,
          "attributes": {
            "id": "-",
            "program": [
              "python3",
              ".terraform/modules/lambdas.lambda_function2/package.py",
              "prepare"
            ],
            "query": {
              "artifacts_dir": "builds",
              "docker": null,
              "hash_extra": "",
              "hash_extra_paths": "[]",
              "paths": "{\"cwd\":\"/Users/uliazapletnuk/Desktop/^_^/хмарні/cloudTechnologies\",\"module\":\".terraform/modules/lambdas.lambda_function2\",\"root\":\".\"}",
              "recreate_missing_package": "true",
              "runtime": "nodejs16.x",
              "source_path": "\"modules/lambda/src/get-all-courses\""
            },
            "result": {
              "build_plan": "{\"filename\": \"builds/3bd22298f8eb81419614d9b24adab59ea94c2f53c4460ea7b1af24ebe58e18f2.zip\", \"runtime\": \"nodejs16.x\", \"artifacts_dir\": \"builds\", \"build_plan\": [[\"zip\", \"modules/lambda/src/get-all-courses\", null]]}",
              "build_plan_filename": "builds/3bd22298f8eb81419614d9b24adab59ea94c2f53c4460ea7b1af24ebe58e18f2.plan.json",
              "filename": "builds/3bd22298f8eb81419614d9b24adab59ea94c2f53c4460ea7b1af24ebe58e18f2.zip",
              "timestamp": "1711483955170058000",
              "was_missing": "false"
            },
            "working_dir": null
          },
          "sensitive_attributes": []
        }
      ]
    },
    {
      "module": "module.lambdas.module.lambda_function2",
      "mode": "managed",
      "type": "aws_cloudwatch_log_group",
      "name": "lambda",
      "provider": "provider[\"registry.terraform.io/hashicorp/aws\"]",
      "instances": [
        {
          "index_key": 0,
          "schema_version": 0,
          "attributes": {
            "arn": "arn:aws:logs:eu-central-1:767397787090:log-group:/aws/lambda/get-all-courses",
            "id": "/aws/lambda/get-all-courses",
            "kms_key_id": "",
            "log_group_class": "STANDARD",
            "name": "/aws/lambda/get-all-courses",
            "name_prefix": "",
            "retention_in_days": 0,
            "skip_destroy": false,
            "tags": null,
            "tags_all": {}
          },
          "sensitive_attributes": [],
          "private": "bnVsbA=="
        }
      ]
    },
    {
      "module": "module.lambdas.module.lambda_function2",
      "mode": "managed",
      "type": "aws_iam_policy",
      "name": "logs",
      "provider": "provider[\"registry.terraform.io/hashicorp/aws\"]",
      "instances": [
        {
          "index_key": 0,
          "schema_version": 0,
          "attributes": {
            "arn": "arn:aws:iam::767397787090:policy/get-all-courses-logs",
            "description": "",
            "id": "arn:aws:iam::767397787090:policy/get-all-courses-logs",
            "name": "get-all-courses-logs",
            "name_prefix": "",
            "path": "/",
            "policy": "{\"Statement\":[{\"Action\":[\"logs:PutLogEvents\",\"logs:CreateLogStream\",\"logs:CreateLogGroup\"],\"Effect\":\"Allow\",\"Resource\":[\"arn:aws:logs:eu-central-1:767397787090:log-group:/aws/lambda/get-all-courses:*:*\",\"arn:aws:logs:eu-central-1:767397787090:log-group:/aws/lambda/get-all-courses:*\"]}],\"Version\":\"2012-10-17\"}",
            "policy_id": "ANPA3FLDY6XJEXXCJPCZR",
            "tags": {},
            "tags_all": {}
          },
          "sensitive_attributes": [],
          "private": "bnVsbA==",
          "dependencies": [
            "module.lambdas.module.lambda_function2.aws_cloudwatch_log_group.lambda",
            "module.lambdas.module.lambda_function2.data.aws_arn.log_group_arn",
            "module.lambdas.module.lambda_function2.data.aws_cloudwatch_log_group.lambda",
            "module.lambdas.module.lambda_function2.data.aws_iam_policy_document.logs"
          ]
        }
      ]
    },
    {
      "module": "module.lambdas.module.lambda_function2",
      "mode": "managed",
      "type": "aws_iam_role",
      "name": "lambda",
      "provider": "provider[\"registry.terraform.io/hashicorp/aws\"]",
      "instances": [
        {
          "index_key": 0,
          "schema_version": 0,
          "attributes": {
            "arn": "arn:aws:iam::767397787090:role/get-all-courses",
            "assume_role_policy": "{\"Statement\":[{\"Action\":\"sts:AssumeRole\",\"Effect\":\"Allow\",\"Principal\":{\"Service\":\"lambda.amazonaws.com\"}}],\"Version\":\"2012-10-17\"}",
            "create_date": "2024-03-26T20:27:00Z",
            "description": "",
            "force_detach_policies": true,
            "id": "get-all-courses",
            "inline_policy": [],
            "managed_policy_arns": [],
            "max_session_duration": 3600,
            "name": "get-all-courses",
            "name_prefix": "",
            "path": "/",
            "permissions_boundary": "",
            "tags": null,
            "tags_all": {},
            "unique_id": "AROA3FLDY6XJJPKQTHYIO"
          },
          "sensitive_attributes": [],
          "private": "bnVsbA==",
          "dependencies": [
            "module.lambdas.module.lambda_function2.data.aws_iam_policy_document.assume_role"
          ]
        }
      ]
    },
    {
      "module": "module.lambdas.module.lambda_function2",
      "mode": "managed",
      "type": "aws_iam_role_policy_attachment",
      "name": "logs",
      "provider": "provider[\"registry.terraform.io/hashicorp/aws\"]",
      "instances": [
        {
          "index_key": 0,
          "schema_version": 0,
          "attributes": {
            "id": "get-all-courses-20240326202701355000000006",
            "policy_arn": "arn:aws:iam::767397787090:policy/get-all-courses-logs",
            "role": "get-all-courses"
          },
          "sensitive_attributes": [],
          "private": "bnVsbA==",
          "dependencies": [
            "module.lambdas.module.lambda_function2.aws_cloudwatch_log_group.lambda",
            "module.lambdas.module.lambda_function2.aws_iam_policy.logs",
            "module.lambdas.module.lambda_function2.aws_iam_role.lambda",
            "module.lambdas.module.lambda_function2.data.aws_arn.log_group_arn",
            "module.lambdas.module.lambda_function2.data.aws_cloudwatch_log_group.lambda",
            "module.lambdas.module.lambda_function2.data.aws_iam_policy_document.assume_role",
            "module.lambdas.module.lambda_function2.data.aws_iam_policy_document.logs"
          ]
        }
      ]
    },
    {
      "module": "module.lambdas.module.lambda_function2",
      "mode": "managed",
      "type": "aws_lambda_function",
      "name": "this",
      "provider": "provider[\"registry.terraform.io/hashicorp/aws\"]",
      "instances": [
        {
          "index_key": 0,
          "schema_version": 0,
          "attributes": {
            "architectures": [
              "x86_64"
            ],
            "arn": "arn:aws:lambda:eu-central-1:767397787090:function:get-all-courses",
            "code_signing_config_arn": "",
            "dead_letter_config": [],
            "description": "lambda function",
            "environment": [],
            "ephemeral_storage": [
              {
                "size": 512
              }
            ],
            "file_system_config": [],
            "filename": "builds/3bd22298f8eb81419614d9b24adab59ea94c2f53c4460ea7b1af24ebe58e18f2.zip",
            "function_name": "get-all-courses",
            "handler": "index.handler",
            "id": "get-all-courses",
            "image_config": [],
            "image_uri": "",
            "invoke_arn": "arn:aws:apigateway:eu-central-1:lambda:path/2015-03-31/functions/arn:aws:lambda:eu-central-1:767397787090:function:get-all-courses/invocations",
            "kms_key_arn": "",
            "last_modified": "2024-03-26T20:27:36.821+0000",
            "layers": null,
            "logging_config": [
              {
                "application_log_level": "",
                "log_format": "Text",
                "log_group": "/aws/lambda/get-all-courses",
                "system_log_level": ""
              }
            ],
            "memory_size": 128,
            "package_type": "Zip",
            "publish": false,
            "qualified_arn": "arn:aws:lambda:eu-central-1:767397787090:function:get-all-courses:$LATEST",
            "qualified_invoke_arn": "arn:aws:apigateway:eu-central-1:lambda:path/2015-03-31/functions/arn:aws:lambda:eu-central-1:767397787090:function:get-all-courses:$LATEST/invocations",
            "replace_security_groups_on_destroy": null,
            "replacement_security_group_ids": null,
            "reserved_concurrent_executions": -1,
            "role": "arn:aws:iam::767397787090:role/get-all-courses",
            "runtime": "nodejs16.x",
            "s3_bucket": null,
            "s3_key": null,
            "s3_object_version": null,
            "signing_job_arn": "",
            "signing_profile_version_arn": "",
            "skip_destroy": false,
            "snap_start": [],
            "source_code_hash": "BLAmSIME2He3cqUmCrTDlLqMAs1zbRoIhGe20ADrFMI=",
            "source_code_size": 461,
            "tags": null,
            "tags_all": {},
            "timeout": 3,
            "timeouts": null,
            "tracing_config": [
              {
                "mode": "PassThrough"
              }
            ],
            "version": "$LATEST",
            "vpc_config": []
          },
          "sensitive_attributes": [],
          "private": "eyJlMmJmYjczMC1lY2FhLTExZTYtOGY4OC0zNDM2M2JjN2M0YzAiOnsiY3JlYXRlIjo2MDAwMDAwMDAwMDAsImRlbGV0ZSI6NjAwMDAwMDAwMDAwLCJ1cGRhdGUiOjYwMDAwMDAwMDAwMH19",
          "dependencies": [
            "module.lambdas.module.lambda_function2.aws_cloudwatch_log_group.lambda",
            "module.lambdas.module.lambda_function2.aws_iam_policy.additional_inline",
            "module.lambdas.module.lambda_function2.aws_iam_policy.additional_json",
            "module.lambdas.module.lambda_function2.aws_iam_policy.additional_jsons",
            "module.lambdas.module.lambda_function2.aws_iam_policy.async",
            "module.lambdas.module.lambda_function2.aws_iam_policy.dead_letter",
            "module.lambdas.module.lambda_function2.aws_iam_policy.logs",
            "module.lambdas.module.lambda_function2.aws_iam_policy.tracing",
            "module.lambdas.module.lambda_function2.aws_iam_policy.vpc",
            "module.lambdas.module.lambda_function2.aws_iam_role.lambda",
            "module.lambdas.module.lambda_function2.aws_iam_role_policy_attachment.additional_inline",
            "module.lambdas.module.lambda_function2.aws_iam_role_policy_attachment.additional_json",
            "module.lambdas.module.lambda_function2.aws_iam_role_policy_attachment.additional_jsons",
            "module.lambdas.module.lambda_function2.aws_iam_role_policy_attachment.additional_many",
            "module.lambdas.module.lambda_function2.aws_iam_role_policy_attachment.additional_one",
            "module.lambdas.module.lambda_function2.aws_iam_role_policy_attachment.async",
            "module.lambdas.module.lambda_function2.aws_iam_role_policy_attachment.dead_letter",
            "module.lambdas.module.lambda_function2.aws_iam_role_policy_attachment.logs",
            "module.lambdas.module.lambda_function2.aws_iam_role_policy_attachment.tracing",
            "module.lambdas.module.lambda_function2.aws_iam_role_policy_attachment.vpc",
            "module.lambdas.module.lambda_function2.aws_s3_object.lambda_package",
            "module.lambdas.module.lambda_function2.data.aws_arn.log_group_arn",
            "module.lambdas.module.lambda_function2.data.aws_cloudwatch_log_group.lambda",
            "module.lambdas.module.lambda_function2.data.aws_iam_policy.tracing",
            "module.lambdas.module.lambda_function2.data.aws_iam_policy.vpc",
            "module.lambdas.module.lambda_function2.data.aws_iam_policy_document.additional_inline",
            "module.lambdas.module.lambda_function2.data.aws_iam_policy_document.assume_role",
            "module.lambdas.module.lambda_function2.data.aws_iam_policy_document.async",
            "module.lambdas.module.lambda_function2.data.aws_iam_policy_document.dead_letter",
            "module.lambdas.module.lambda_function2.data.aws_iam_policy_document.logs",
            "module.lambdas.module.lambda_function2.data.aws_partition.current",
            "module.lambdas.module.lambda_function2.data.external.archive_prepare",
            "module.lambdas.module.lambda_function2.local_file.archive_plan",
            "module.lambdas.module.lambda_function2.null_resource.archive"
          ]
        }
      ]
    },
    {
      "module": "module.lambdas.module.lambda_function2",
      "mode": "managed",
      "type": "local_file",
      "name": "archive_plan",
      "provider": "provider[\"registry.terraform.io/hashicorp/local\"]",
      "instances": [
        {
          "index_key": 0,
          "schema_version": 0,
          "attributes": {
            "content": "{\"filename\": \"builds/3bd22298f8eb81419614d9b24adab59ea94c2f53c4460ea7b1af24ebe58e18f2.zip\", \"runtime\": \"nodejs16.x\", \"artifacts_dir\": \"builds\", \"build_plan\": [[\"zip\", \"modules/lambda/src/get-all-courses\", null]]}",
            "content_base64": null,
            "content_base64sha256": "8iDSxvhkB9WM6AiAmQqIF55EE3RoXItUqVDB4bCu9qY=",
            "content_base64sha512": "stR9FZf86VP10qTfGLQ0Fe7bdizhVtjMwrVfmpp2nsZthr1sROPUDdXJ5MTwCRu78YjUlY6UGvlXD9sHpq+LEQ==",
            "content_md5": "4d5ab033bcebcad0fc8156155bf993fe",
            "content_sha1": "ef8fa5b9405d695f81963fdc935e25fd5977d348",
            "content_sha256": "f220d2c6f86407d58ce80880990a88179e441374685c8b54a950c1e1b0aef6a6",
            "content_sha512": "b2d47d1597fce953f5d2a4df18b43415eedb762ce156d8ccc2b55f9a9a769ec66d86bd6c44e3d40dd5c9e4c4f0091bbbf188d4958e941af9570fdb07a6af8b11",
            "directory_permission": "0755",
            "file_permission": "0644",
            "filename": "builds/3bd22298f8eb81419614d9b24adab59ea94c2f53c4460ea7b1af24ebe58e18f2.plan.json",
            "id": "ef8fa5b9405d695f81963fdc935e25fd5977d348",
            "sensitive_content": null,
            "source": null
          },
          "sensitive_attributes": [],
          "dependencies": [
            "module.lambdas.module.lambda_function2.data.external.archive_prepare"
          ]
        }
      ]
    },
    {
      "module": "module.lambdas.module.lambda_function2",
      "mode": "managed",
      "type": "null_resource",
      "name": "archive",
      "provider": "provider[\"registry.terraform.io/hashicorp/null\"]",
      "instances": [
        {
          "index_key": 0,
          "schema_version": 0,
          "attributes": {
            "id": "5080359039842417079",
            "triggers": {
              "filename": "builds/3bd22298f8eb81419614d9b24adab59ea94c2f53c4460ea7b1af24ebe58e18f2.zip",
              "timestamp": "1711483955170058000"
            }
          },
          "sensitive_attributes": [],
          "dependencies": [
            "module.lambdas.module.lambda_function2.data.external.archive_prepare",
            "module.lambdas.module.lambda_function2.local_file.archive_plan"
          ]
        }
      ]
    },
    {
      "module": "module.lambdas.module.lambda_function3",
      "mode": "data",
      "type": "aws_caller_identity",
      "name": "current",
      "provider": "provider[\"registry.terraform.io/hashicorp/aws\"]",
      "instances": [
        {
          "schema_version": 0,
          "attributes": {
            "account_id": "767397787090",
            "arn": "arn:aws:iam::767397787090:user/vscode-user",
            "id": "767397787090",
            "user_id": "AIDA3FLDY6XJPCJ7TIVWQ"
          },
          "sensitive_attributes": []
        }
      ]
    },
    {
      "module": "module.lambdas.module.lambda_function3",
      "mode": "data",
      "type": "aws_iam_policy_document",
      "name": "assume_role",
      "provider": "provider[\"registry.terraform.io/hashicorp/aws\"]",
      "instances": [
        {
          "index_key": 0,
          "schema_version": 0,
          "attributes": {
            "id": "2690255455",
            "json": "{\n  \"Version\": \"2012-10-17\",\n  \"Statement\": [\n    {\n      \"Effect\": \"Allow\",\n      \"Action\": \"sts:AssumeRole\",\n      \"Principal\": {\n        \"Service\": \"lambda.amazonaws.com\"\n      }\n    }\n  ]\n}",
            "override_policy_documents": null,
            "policy_id": null,
            "source_policy_documents": null,
            "statement": [
              {
                "actions": [
                  "sts:AssumeRole"
                ],
                "condition": [],
                "effect": "Allow",
                "not_actions": [],
                "not_principals": [],
                "not_resources": [],
                "principals": [
                  {
                    "identifiers": [
                      "lambda.amazonaws.com"
                    ],
                    "type": "Service"
                  }
                ],
                "resources": [],
                "sid": ""
              }
            ],
            "version": "2012-10-17"
          },
          "sensitive_attributes": []
        }
      ]
    },
    {
      "module": "module.lambdas.module.lambda_function3",
      "mode": "data",
      "type": "aws_iam_policy_document",
      "name": "logs",
      "provider": "provider[\"registry.terraform.io/hashicorp/aws\"]",
      "instances": [
        {
          "index_key": 0,
          "schema_version": 0,
          "attributes": {
            "id": "1117026056",
            "json": "{\n  \"Version\": \"2012-10-17\",\n  \"Statement\": [\n    {\n      \"Effect\": \"Allow\",\n      \"Action\": [\n        \"logs:PutLogEvents\",\n        \"logs:CreateLogStream\",\n        \"logs:CreateLogGroup\"\n      ],\n      \"Resource\": [\n        \"arn:aws:logs:eu-central-1:767397787090:log-group:/aws/lambda/get-course:*:*\",\n        \"arn:aws:logs:eu-central-1:767397787090:log-group:/aws/lambda/get-course:*\"\n      ]\n    }\n  ]\n}",
            "override_policy_documents": null,
            "policy_id": null,
            "source_policy_documents": null,
            "statement": [
              {
                "actions": [
                  "logs:CreateLogGroup",
                  "logs:CreateLogStream",
                  "logs:PutLogEvents"
                ],
                "condition": [],
                "effect": "Allow",
                "not_actions": [],
                "not_principals": [],
                "not_resources": [],
                "principals": [],
                "resources": [
                  "arn:aws:logs:eu-central-1:767397787090:log-group:/aws/lambda/get-course:*",
                  "arn:aws:logs:eu-central-1:767397787090:log-group:/aws/lambda/get-course:*:*"
                ],
                "sid": ""
              }
            ],
            "version": "2012-10-17"
          },
          "sensitive_attributes": []
        }
      ]
    },
    {
      "module": "module.lambdas.module.lambda_function3",
      "mode": "data",
      "type": "aws_partition",
      "name": "current",
      "provider": "provider[\"registry.terraform.io/hashicorp/aws\"]",
      "instances": [
        {
          "schema_version": 0,
          "attributes": {
            "dns_suffix": "amazonaws.com",
            "id": "aws",
            "partition": "aws",
            "reverse_dns_prefix": "com.amazonaws"
          },
          "sensitive_attributes": []
        }
      ]
    },
    {
      "module": "module.lambdas.module.lambda_function3",
      "mode": "data",
      "type": "aws_region",
      "name": "current",
      "provider": "provider[\"registry.terraform.io/hashicorp/aws\"]",
      "instances": [
        {
          "schema_version": 0,
          "attributes": {
            "description": "Europe (Frankfurt)",
            "endpoint": "ec2.eu-central-1.amazonaws.com",
            "id": "eu-central-1",
            "name": "eu-central-1"
          },
          "sensitive_attributes": []
        }
      ]
    },
    {
      "module": "module.lambdas.module.lambda_function3",
      "mode": "data",
      "type": "external",
      "name": "archive_prepare",
      "provider": "provider[\"registry.terraform.io/hashicorp/external\"]",
      "instances": [
        {
          "index_key": 0,
          "schema_version": 0,
          "attributes": {
            "id": "-",
            "program": [
              "python3",
              ".terraform/modules/lambdas.lambda_function3/package.py",
              "prepare"
            ],
            "query": {
              "artifacts_dir": "builds",
              "docker": null,
              "hash_extra": "",
              "hash_extra_paths": "[]",
              "paths": "{\"cwd\":\"/Users/uliazapletnuk/Desktop/^_^/хмарні/cloudTechnologies\",\"module\":\".terraform/modules/lambdas.lambda_function3\",\"root\":\".\"}",
              "recreate_missing_package": "true",
              "runtime": "nodejs16.x",
              "source_path": "\"modules/lambda/src/get-course\""
            },
            "result": {
              "build_plan": "{\"filename\": \"builds/211e457e7604384741ff582ea0e0a25cba582157a84146dc6b1cca085fe5fe03.zip\", \"runtime\": \"nodejs16.x\", \"artifacts_dir\": \"builds\", \"build_plan\": [[\"zip\", \"modules/lambda/src/get-course\", null]]}",
              "build_plan_filename": "builds/211e457e7604384741ff582ea0e0a25cba582157a84146dc6b1cca085fe5fe03.plan.json",
              "filename": "builds/211e457e7604384741ff582ea0e0a25cba582157a84146dc6b1cca085fe5fe03.zip",
              "timestamp": "1711483955166409000",
              "was_missing": "false"
            },
            "working_dir": null
          },
          "sensitive_attributes": []
        }
      ]
    },
    {
      "module": "module.lambdas.module.lambda_function3",
      "mode": "managed",
      "type": "aws_cloudwatch_log_group",
      "name": "lambda",
      "provider": "provider[\"registry.terraform.io/hashicorp/aws\"]",
      "instances": [
        {
          "index_key": 0,
          "schema_version": 0,
          "attributes": {
            "arn": "arn:aws:logs:eu-central-1:767397787090:log-group:/aws/lambda/get-course",
            "id": "/aws/lambda/get-course",
            "kms_key_id": "",
            "log_group_class": "STANDARD",
            "name": "/aws/lambda/get-course",
            "name_prefix": "",
            "retention_in_days": 0,
            "skip_destroy": false,
            "tags": null,
            "tags_all": {}
          },
          "sensitive_attributes": [],
          "private": "bnVsbA=="
        }
      ]
    },
    {
      "module": "module.lambdas.module.lambda_function3",
      "mode": "managed",
      "type": "aws_iam_policy",
      "name": "logs",
      "provider": "provider[\"registry.terraform.io/hashicorp/aws\"]",
      "instances": [
        {
          "index_key": 0,
          "schema_version": 0,
          "attributes": {
            "arn": "arn:aws:iam::767397787090:policy/get-course-logs",
            "description": "",
            "id": "arn:aws:iam::767397787090:policy/get-course-logs",
            "name": "get-course-logs",
            "name_prefix": "",
            "path": "/",
            "policy": "{\"Statement\":[{\"Action\":[\"logs:PutLogEvents\",\"logs:CreateLogStream\",\"logs:CreateLogGroup\"],\"Effect\":\"Allow\",\"Resource\":[\"arn:aws:logs:eu-central-1:767397787090:log-group:/aws/lambda/get-course:*:*\",\"arn:aws:logs:eu-central-1:767397787090:log-group:/aws/lambda/get-course:*\"]}],\"Version\":\"2012-10-17\"}",
            "policy_id": "ANPA3FLDY6XJOPMGHY4IB",
            "tags": {},
            "tags_all": {}
          },
          "sensitive_attributes": [],
          "private": "bnVsbA==",
          "dependencies": [
            "module.lambdas.module.lambda_function3.aws_cloudwatch_log_group.lambda",
            "module.lambdas.module.lambda_function3.data.aws_arn.log_group_arn",
            "module.lambdas.module.lambda_function3.data.aws_cloudwatch_log_group.lambda",
            "module.lambdas.module.lambda_function3.data.aws_iam_policy_document.logs"
          ]
        }
      ]
    },
    {
      "module": "module.lambdas.module.lambda_function3",
      "mode": "managed",
      "type": "aws_iam_role",
      "name": "lambda",
      "provider": "provider[\"registry.terraform.io/hashicorp/aws\"]",
      "instances": [
        {
          "index_key": 0,
          "schema_version": 0,
          "attributes": {
            "arn": "arn:aws:iam::767397787090:role/get-course",
            "assume_role_policy": "{\"Statement\":[{\"Action\":\"sts:AssumeRole\",\"Effect\":\"Allow\",\"Principal\":{\"Service\":\"lambda.amazonaws.com\"}}],\"Version\":\"2012-10-17\"}",
            "create_date": "2024-03-26T20:27:00Z",
            "description": "",
            "force_detach_policies": true,
            "id": "get-course",
            "inline_policy": [],
            "managed_policy_arns": [],
            "max_session_duration": 3600,
            "name": "get-course",
            "name_prefix": "",
            "path": "/",
            "permissions_boundary": "",
            "tags": null,
            "tags_all": {},
            "unique_id": "AROA3FLDY6XJEJGAQ32RU"
          },
          "sensitive_attributes": [],
          "private": "bnVsbA==",
          "dependencies": [
            "module.lambdas.module.lambda_function3.data.aws_iam_policy_document.assume_role"
          ]
        }
      ]
    },
    {
      "module": "module.lambdas.module.lambda_function3",
      "mode": "managed",
      "type": "aws_iam_role_policy_attachment",
      "name": "logs",
      "provider": "provider[\"registry.terraform.io/hashicorp/aws\"]",
      "instances": [
        {
          "index_key": 0,
          "schema_version": 0,
          "attributes": {
            "id": "get-course-20240326202701325800000004",
            "policy_arn": "arn:aws:iam::767397787090:policy/get-course-logs",
            "role": "get-course"
          },
          "sensitive_attributes": [],
          "private": "bnVsbA==",
          "dependencies": [
            "module.lambdas.module.lambda_function3.aws_cloudwatch_log_group.lambda",
            "module.lambdas.module.lambda_function3.aws_iam_policy.logs",
            "module.lambdas.module.lambda_function3.aws_iam_role.lambda",
            "module.lambdas.module.lambda_function3.data.aws_arn.log_group_arn",
            "module.lambdas.module.lambda_function3.data.aws_cloudwatch_log_group.lambda",
            "module.lambdas.module.lambda_function3.data.aws_iam_policy_document.assume_role",
            "module.lambdas.module.lambda_function3.data.aws_iam_policy_document.logs"
          ]
        }
      ]
    },
    {
      "module": "module.lambdas.module.lambda_function3",
      "mode": "managed",
      "type": "aws_lambda_function",
      "name": "this",
      "provider": "provider[\"registry.terraform.io/hashicorp/aws\"]",
      "instances": [
        {
          "index_key": 0,
          "schema_version": 0,
          "attributes": {
            "architectures": [
              "x86_64"
            ],
            "arn": "arn:aws:lambda:eu-central-1:767397787090:function:get-course",
            "code_signing_config_arn": "",
            "dead_letter_config": [],
            "description": "lambda function",
            "environment": [],
            "ephemeral_storage": [
              {
                "size": 512
              }
            ],
            "file_system_config": [],
            "filename": "builds/211e457e7604384741ff582ea0e0a25cba582157a84146dc6b1cca085fe5fe03.zip",
            "function_name": "get-course",
            "handler": "index.handler",
            "id": "get-course",
            "image_config": [],
            "image_uri": "",
            "invoke_arn": "arn:aws:apigateway:eu-central-1:lambda:path/2015-03-31/functions/arn:aws:lambda:eu-central-1:767397787090:function:get-course/invocations",
            "kms_key_arn": "",
            "last_modified": "2024-03-26T20:27:31.377+0000",
            "layers": null,
            "logging_config": [
              {
                "application_log_level": "",
                "log_format": "Text",
                "log_group": "/aws/lambda/get-course",
                "system_log_level": ""
              }
            ],
            "memory_size": 128,
            "package_type": "Zip",
            "publish": false,
            "qualified_arn": "arn:aws:lambda:eu-central-1:767397787090:function:get-course:$LATEST",
            "qualified_invoke_arn": "arn:aws:apigateway:eu-central-1:lambda:path/2015-03-31/functions/arn:aws:lambda:eu-central-1:767397787090:function:get-course:$LATEST/invocations",
            "replace_security_groups_on_destroy": null,
            "replacement_security_group_ids": null,
            "reserved_concurrent_executions": -1,
            "role": "arn:aws:iam::767397787090:role/get-course",
            "runtime": "nodejs16.x",
            "s3_bucket": null,
            "s3_key": null,
            "s3_object_version": null,
            "signing_job_arn": "",
            "signing_profile_version_arn": "",
            "skip_destroy": false,
            "snap_start": [],
            "source_code_hash": "CR9Z4932qY7Z2iH7Oh42SYmZc4RukTjhTf9wmLUwfIo=",
            "source_code_size": 459,
            "tags": null,
            "tags_all": {},
            "timeout": 3,
            "timeouts": null,
            "tracing_config": [
              {
                "mode": "PassThrough"
              }
            ],
            "version": "$LATEST",
            "vpc_config": []
          },
          "sensitive_attributes": [],
          "private": "eyJlMmJmYjczMC1lY2FhLTExZTYtOGY4OC0zNDM2M2JjN2M0YzAiOnsiY3JlYXRlIjo2MDAwMDAwMDAwMDAsImRlbGV0ZSI6NjAwMDAwMDAwMDAwLCJ1cGRhdGUiOjYwMDAwMDAwMDAwMH19",
          "dependencies": [
            "module.lambdas.module.lambda_function3.aws_cloudwatch_log_group.lambda",
            "module.lambdas.module.lambda_function3.aws_iam_policy.additional_inline",
            "module.lambdas.module.lambda_function3.aws_iam_policy.additional_json",
            "module.lambdas.module.lambda_function3.aws_iam_policy.additional_jsons",
            "module.lambdas.module.lambda_function3.aws_iam_policy.async",
            "module.lambdas.module.lambda_function3.aws_iam_policy.dead_letter",
            "module.lambdas.module.lambda_function3.aws_iam_policy.logs",
            "module.lambdas.module.lambda_function3.aws_iam_policy.tracing",
            "module.lambdas.module.lambda_function3.aws_iam_policy.vpc",
            "module.lambdas.module.lambda_function3.aws_iam_role.lambda",
            "module.lambdas.module.lambda_function3.aws_iam_role_policy_attachment.additional_inline",
            "module.lambdas.module.lambda_function3.aws_iam_role_policy_attachment.additional_json",
            "module.lambdas.module.lambda_function3.aws_iam_role_policy_attachment.additional_jsons",
            "module.lambdas.module.lambda_function3.aws_iam_role_policy_attachment.additional_many",
            "module.lambdas.module.lambda_function3.aws_iam_role_policy_attachment.additional_one",
            "module.lambdas.module.lambda_function3.aws_iam_role_policy_attachment.async",
            "module.lambdas.module.lambda_function3.aws_iam_role_policy_attachment.dead_letter",
            "module.lambdas.module.lambda_function3.aws_iam_role_policy_attachment.logs",
            "module.lambdas.module.lambda_function3.aws_iam_role_policy_attachment.tracing",
            "module.lambdas.module.lambda_function3.aws_iam_role_policy_attachment.vpc",
            "module.lambdas.module.lambda_function3.aws_s3_object.lambda_package",
            "module.lambdas.module.lambda_function3.data.aws_arn.log_group_arn",
            "module.lambdas.module.lambda_function3.data.aws_cloudwatch_log_group.lambda",
            "module.lambdas.module.lambda_function3.data.aws_iam_policy.tracing",
            "module.lambdas.module.lambda_function3.data.aws_iam_policy.vpc",
            "module.lambdas.module.lambda_function3.data.aws_iam_policy_document.additional_inline",
            "module.lambdas.module.lambda_function3.data.aws_iam_policy_document.assume_role",
            "module.lambdas.module.lambda_function3.data.aws_iam_policy_document.async",
            "module.lambdas.module.lambda_function3.data.aws_iam_policy_document.dead_letter",
            "module.lambdas.module.lambda_function3.data.aws_iam_policy_document.logs",
            "module.lambdas.module.lambda_function3.data.aws_partition.current",
            "module.lambdas.module.lambda_function3.data.external.archive_prepare",
            "module.lambdas.module.lambda_function3.local_file.archive_plan",
            "module.lambdas.module.lambda_function3.null_resource.archive"
          ]
        }
      ]
    },
    {
      "module": "module.lambdas.module.lambda_function3",
      "mode": "managed",
      "type": "local_file",
      "name": "archive_plan",
      "provider": "provider[\"registry.terraform.io/hashicorp/local\"]",
      "instances": [
        {
          "index_key": 0,
          "schema_version": 0,
          "attributes": {
            "content": "{\"filename\": \"builds/211e457e7604384741ff582ea0e0a25cba582157a84146dc6b1cca085fe5fe03.zip\", \"runtime\": \"nodejs16.x\", \"artifacts_dir\": \"builds\", \"build_plan\": [[\"zip\", \"modules/lambda/src/get-course\", null]]}",
            "content_base64": null,
            "content_base64sha256": "DY71h17sla+Ip2n0GCvyWZl9C2e4ag0KTlvO9Rmt530=",
            "content_base64sha512": "W7CnwNj4oke/5ds9bffzpcu/PEh00P5oQfoUgMsb9waT++uObd1WmZA8fPE8lqnGZ+1BabNrNPBBlCNhA8lZ1g==",
            "content_md5": "08cacf023a937727a118191a180da167",
            "content_sha1": "3b615953463871124192c2a89d8c7fa4474f9748",
            "content_sha256": "0d8ef5875eec95af88a769f4182bf259997d0b67b86a0d0a4e5bcef519ade77d",
            "content_sha512": "5bb0a7c0d8f8a247bfe5db3d6df7f3a5cbbf3c4874d0fe6841fa1480cb1bf70693fbeb8e6ddd5699903c7cf13c96a9c667ed4169b36b34f04194236103c959d6",
            "directory_permission": "0755",
            "file_permission": "0644",
            "filename": "builds/211e457e7604384741ff582ea0e0a25cba582157a84146dc6b1cca085fe5fe03.plan.json",
            "id": "3b615953463871124192c2a89d8c7fa4474f9748",
            "sensitive_content": null,
            "source": null
          },
          "sensitive_attributes": [],
          "dependencies": [
            "module.lambdas.module.lambda_function3.data.external.archive_prepare"
          ]
        }
      ]
    },
    {
      "module": "module.lambdas.module.lambda_function3",
      "mode": "managed",
      "type": "null_resource",
      "name": "archive",
      "provider": "provider[\"registry.terraform.io/hashicorp/null\"]",
      "instances": [
        {
          "index_key": 0,
          "schema_version": 0,
          "attributes": {
            "id": "4577140461581070042",
            "triggers": {
              "filename": "builds/211e457e7604384741ff582ea0e0a25cba582157a84146dc6b1cca085fe5fe03.zip",
              "timestamp": "1711483955166409000"
            }
          },
          "sensitive_attributes": [],
          "dependencies": [
            "module.lambdas.module.lambda_function3.data.external.archive_prepare",
            "module.lambdas.module.lambda_function3.local_file.archive_plan"
          ]
        }
      ]
    },
    {
      "module": "module.lambdas.module.lambda_function4",
      "mode": "data",
      "type": "aws_caller_identity",
      "name": "current",
      "provider": "provider[\"registry.terraform.io/hashicorp/aws\"]",
      "instances": [
        {
          "schema_version": 0,
          "attributes": {
            "account_id": "767397787090",
            "arn": "arn:aws:iam::767397787090:user/vscode-user",
            "id": "767397787090",
            "user_id": "AIDA3FLDY6XJPCJ7TIVWQ"
          },
          "sensitive_attributes": []
        }
      ]
    },
    {
      "module": "module.lambdas.module.lambda_function4",
      "mode": "data",
      "type": "aws_iam_policy_document",
      "name": "assume_role",
      "provider": "provider[\"registry.terraform.io/hashicorp/aws\"]",
      "instances": [
        {
          "index_key": 0,
          "schema_version": 0,
          "attributes": {
            "id": "2690255455",
            "json": "{\n  \"Version\": \"2012-10-17\",\n  \"Statement\": [\n    {\n      \"Effect\": \"Allow\",\n      \"Action\": \"sts:AssumeRole\",\n      \"Principal\": {\n        \"Service\": \"lambda.amazonaws.com\"\n      }\n    }\n  ]\n}",
            "override_policy_documents": null,
            "policy_id": null,
            "source_policy_documents": null,
            "statement": [
              {
                "actions": [
                  "sts:AssumeRole"
                ],
                "condition": [],
                "effect": "Allow",
                "not_actions": [],
                "not_principals": [],
                "not_resources": [],
                "principals": [
                  {
                    "identifiers": [
                      "lambda.amazonaws.com"
                    ],
                    "type": "Service"
                  }
                ],
                "resources": [],
                "sid": ""
              }
            ],
            "version": "2012-10-17"
          },
          "sensitive_attributes": []
        }
      ]
    },
    {
      "module": "module.lambdas.module.lambda_function4",
      "mode": "data",
      "type": "aws_iam_policy_document",
      "name": "logs",
      "provider": "provider[\"registry.terraform.io/hashicorp/aws\"]",
      "instances": [
        {
          "index_key": 0,
          "schema_version": 0,
          "attributes": {
            "id": "3489551321",
            "json": "{\n  \"Version\": \"2012-10-17\",\n  \"Statement\": [\n    {\n      \"Effect\": \"Allow\",\n      \"Action\": [\n        \"logs:PutLogEvents\",\n        \"logs:CreateLogStream\",\n        \"logs:CreateLogGroup\"\n      ],\n      \"Resource\": [\n        \"arn:aws:logs:eu-central-1:767397787090:log-group:/aws/lambda/save-course:*:*\",\n        \"arn:aws:logs:eu-central-1:767397787090:log-group:/aws/lambda/save-course:*\"\n      ]\n    }\n  ]\n}",
            "override_policy_documents": null,
            "policy_id": null,
            "source_policy_documents": null,
            "statement": [
              {
                "actions": [
                  "logs:CreateLogGroup",
                  "logs:CreateLogStream",
                  "logs:PutLogEvents"
                ],
                "condition": [],
                "effect": "Allow",
                "not_actions": [],
                "not_principals": [],
                "not_resources": [],
                "principals": [],
                "resources": [
                  "arn:aws:logs:eu-central-1:767397787090:log-group:/aws/lambda/save-course:*",
                  "arn:aws:logs:eu-central-1:767397787090:log-group:/aws/lambda/save-course:*:*"
                ],
                "sid": ""
              }
            ],
            "version": "2012-10-17"
          },
          "sensitive_attributes": []
        }
      ]
    },
    {
      "module": "module.lambdas.module.lambda_function4",
      "mode": "data",
      "type": "aws_partition",
      "name": "current",
      "provider": "provider[\"registry.terraform.io/hashicorp/aws\"]",
      "instances": [
        {
          "schema_version": 0,
          "attributes": {
            "dns_suffix": "amazonaws.com",
            "id": "aws",
            "partition": "aws",
            "reverse_dns_prefix": "com.amazonaws"
          },
          "sensitive_attributes": []
        }
      ]
    },
    {
      "module": "module.lambdas.module.lambda_function4",
      "mode": "data",
      "type": "aws_region",
      "name": "current",
      "provider": "provider[\"registry.terraform.io/hashicorp/aws\"]",
      "instances": [
        {
          "schema_version": 0,
          "attributes": {
            "description": "Europe (Frankfurt)",
            "endpoint": "ec2.eu-central-1.amazonaws.com",
            "id": "eu-central-1",
            "name": "eu-central-1"
          },
          "sensitive_attributes": []
        }
      ]
    },
    {
      "module": "module.lambdas.module.lambda_function4",
      "mode": "data",
      "type": "external",
      "name": "archive_prepare",
      "provider": "provider[\"registry.terraform.io/hashicorp/external\"]",
      "instances": [
        {
          "index_key": 0,
          "schema_version": 0,
          "attributes": {
            "id": "-",
            "program": [
              "python3",
              ".terraform/modules/lambdas.lambda_function4/package.py",
              "prepare"
            ],
            "query": {
              "artifacts_dir": "builds",
              "docker": null,
              "hash_extra": "",
              "hash_extra_paths": "[]",
              "paths": "{\"cwd\":\"/Users/uliazapletnuk/Desktop/^_^/хмарні/cloudTechnologies\",\"module\":\".terraform/modules/lambdas.lambda_function4\",\"root\":\".\"}",
              "recreate_missing_package": "true",
              "runtime": "nodejs16.x",
              "source_path": "\"modules/lambda/src/save-course\""
            },
            "result": {
              "build_plan": "{\"filename\": \"builds/21cacac159a527815f035536b3eb4940bf2034364f23c4025fb9454ca15bbef3.zip\", \"runtime\": \"nodejs16.x\", \"artifacts_dir\": \"builds\", \"build_plan\": [[\"zip\", \"modules/lambda/src/save-course\", null]]}",
              "build_plan_filename": "builds/21cacac159a527815f035536b3eb4940bf2034364f23c4025fb9454ca15bbef3.plan.json",
              "filename": "builds/21cacac159a527815f035536b3eb4940bf2034364f23c4025fb9454ca15bbef3.zip",
              "timestamp": "1711483955166414000",
              "was_missing": "false"
            },
            "working_dir": null
          },
          "sensitive_attributes": []
        }
      ]
    },
    {
      "module": "module.lambdas.module.lambda_function4",
      "mode": "managed",
      "type": "aws_cloudwatch_log_group",
      "name": "lambda",
      "provider": "provider[\"registry.terraform.io/hashicorp/aws\"]",
      "instances": [
        {
          "index_key": 0,
          "schema_version": 0,
          "attributes": {
            "arn": "arn:aws:logs:eu-central-1:767397787090:log-group:/aws/lambda/save-course",
            "id": "/aws/lambda/save-course",
            "kms_key_id": "",
            "log_group_class": "STANDARD",
            "name": "/aws/lambda/save-course",
            "name_prefix": "",
            "retention_in_days": 0,
            "skip_destroy": false,
            "tags": null,
            "tags_all": {}
          },
          "sensitive_attributes": [],
          "private": "bnVsbA=="
        }
      ]
    },
    {
      "module": "module.lambdas.module.lambda_function4",
      "mode": "managed",
      "type": "aws_iam_policy",
      "name": "logs",
      "provider": "provider[\"registry.terraform.io/hashicorp/aws\"]",
      "instances": [
        {
          "index_key": 0,
          "schema_version": 0,
          "attributes": {
            "arn": "arn:aws:iam::767397787090:policy/save-course-logs",
            "description": "",
            "id": "arn:aws:iam::767397787090:policy/save-course-logs",
            "name": "save-course-logs",
            "name_prefix": "",
            "path": "/",
            "policy": "{\"Statement\":[{\"Action\":[\"logs:PutLogEvents\",\"logs:CreateLogStream\",\"logs:CreateLogGroup\"],\"Effect\":\"Allow\",\"Resource\":[\"arn:aws:logs:eu-central-1:767397787090:log-group:/aws/lambda/save-course:*:*\",\"arn:aws:logs:eu-central-1:767397787090:log-group:/aws/lambda/save-course:*\"]}],\"Version\":\"2012-10-17\"}",
            "policy_id": "ANPA3FLDY6XJPOR77VLFM",
            "tags": {},
            "tags_all": {}
          },
          "sensitive_attributes": [],
          "private": "bnVsbA==",
          "dependencies": [
            "module.lambdas.module.lambda_function4.aws_cloudwatch_log_group.lambda",
            "module.lambdas.module.lambda_function4.data.aws_arn.log_group_arn",
            "module.lambdas.module.lambda_function4.data.aws_cloudwatch_log_group.lambda",
            "module.lambdas.module.lambda_function4.data.aws_iam_policy_document.logs"
          ]
        }
      ]
    },
    {
      "module": "module.lambdas.module.lambda_function4",
      "mode": "managed",
      "type": "aws_iam_role",
      "name": "lambda",
      "provider": "provider[\"registry.terraform.io/hashicorp/aws\"]",
      "instances": [
        {
          "index_key": 0,
          "schema_version": 0,
          "attributes": {
            "arn": "arn:aws:iam::767397787090:role/save-course",
            "assume_role_policy": "{\"Statement\":[{\"Action\":\"sts:AssumeRole\",\"Effect\":\"Allow\",\"Principal\":{\"Service\":\"lambda.amazonaws.com\"}}],\"Version\":\"2012-10-17\"}",
            "create_date": "2024-03-26T20:27:00Z",
            "description": "",
            "force_detach_policies": true,
            "id": "save-course",
            "inline_policy": [],
            "managed_policy_arns": [],
            "max_session_duration": 3600,
            "name": "save-course",
            "name_prefix": "",
            "path": "/",
            "permissions_boundary": "",
            "tags": null,
            "tags_all": {},
            "unique_id": "AROA3FLDY6XJB23LDOF3W"
          },
          "sensitive_attributes": [],
          "private": "bnVsbA==",
          "dependencies": [
            "module.lambdas.module.lambda_function4.data.aws_iam_policy_document.assume_role"
          ]
        }
      ]
    },
    {
      "module": "module.lambdas.module.lambda_function4",
      "mode": "managed",
      "type": "aws_iam_role_policy_attachment",
      "name": "logs",
      "provider": "provider[\"registry.terraform.io/hashicorp/aws\"]",
      "instances": [
        {
          "index_key": 0,
          "schema_version": 0,
          "attributes": {
            "id": "save-course-20240326202701337200000005",
            "policy_arn": "arn:aws:iam::767397787090:policy/save-course-logs",
            "role": "save-course"
          },
          "sensitive_attributes": [],
          "private": "bnVsbA==",
          "dependencies": [
            "module.lambdas.module.lambda_function4.aws_cloudwatch_log_group.lambda",
            "module.lambdas.module.lambda_function4.aws_iam_policy.logs",
            "module.lambdas.module.lambda_function4.aws_iam_role.lambda",
            "module.lambdas.module.lambda_function4.data.aws_arn.log_group_arn",
            "module.lambdas.module.lambda_function4.data.aws_cloudwatch_log_group.lambda",
            "module.lambdas.module.lambda_function4.data.aws_iam_policy_document.assume_role",
            "module.lambdas.module.lambda_function4.data.aws_iam_policy_document.logs"
          ]
        }
      ]
    },
    {
      "module": "module.lambdas.module.lambda_function4",
      "mode": "managed",
      "type": "aws_lambda_function",
      "name": "this",
      "provider": "provider[\"registry.terraform.io/hashicorp/aws\"]",
      "instances": [
        {
          "index_key": 0,
          "schema_version": 0,
          "attributes": {
            "architectures": [
              "x86_64"
            ],
            "arn": "arn:aws:lambda:eu-central-1:767397787090:function:save-course",
            "code_signing_config_arn": "",
            "dead_letter_config": [],
            "description": "lambda function",
            "environment": [],
            "ephemeral_storage": [
              {
                "size": 512
              }
            ],
            "file_system_config": [],
            "filename": "builds/21cacac159a527815f035536b3eb4940bf2034364f23c4025fb9454ca15bbef3.zip",
            "function_name": "save-course",
            "handler": "index.handler",
            "id": "save-course",
            "image_config": [],
            "image_uri": "",
            "invoke_arn": "arn:aws:apigateway:eu-central-1:lambda:path/2015-03-31/functions/arn:aws:lambda:eu-central-1:767397787090:function:save-course/invocations",
            "kms_key_arn": "",
            "last_modified": "2024-03-26T20:27:25.941+0000",
            "layers": null,
            "logging_config": [
              {
                "application_log_level": "",
                "log_format": "Text",
                "log_group": "/aws/lambda/save-course",
                "system_log_level": ""
              }
            ],
            "memory_size": 128,
            "package_type": "Zip",
            "publish": false,
            "qualified_arn": "arn:aws:lambda:eu-central-1:767397787090:function:save-course:$LATEST",
            "qualified_invoke_arn": "arn:aws:apigateway:eu-central-1:lambda:path/2015-03-31/functions/arn:aws:lambda:eu-central-1:767397787090:function:save-course:$LATEST/invocations",
            "replace_security_groups_on_destroy": null,
            "replacement_security_group_ids": null,
            "reserved_concurrent_executions": -1,
            "role": "arn:aws:iam::767397787090:role/save-course",
            "runtime": "nodejs16.x",
            "s3_bucket": null,
            "s3_key": null,
            "s3_object_version": null,
            "signing_job_arn": "",
            "signing_profile_version_arn": "",
            "skip_destroy": false,
            "snap_start": [],
            "source_code_hash": "b5Q+Fz6w8gh4xuCUN/IC+2gDEeOFX1TjXA2swm2cdiY=",
            "source_code_size": 605,
            "tags": null,
            "tags_all": {},
            "timeout": 3,
            "timeouts": null,
            "tracing_config": [
              {
                "mode": "PassThrough"
              }
            ],
            "version": "$LATEST",
            "vpc_config": []
          },
          "sensitive_attributes": [],
          "private": "eyJlMmJmYjczMC1lY2FhLTExZTYtOGY4OC0zNDM2M2JjN2M0YzAiOnsiY3JlYXRlIjo2MDAwMDAwMDAwMDAsImRlbGV0ZSI6NjAwMDAwMDAwMDAwLCJ1cGRhdGUiOjYwMDAwMDAwMDAwMH19",
          "dependencies": [
            "module.lambdas.module.lambda_function4.aws_cloudwatch_log_group.lambda",
            "module.lambdas.module.lambda_function4.aws_iam_policy.additional_inline",
            "module.lambdas.module.lambda_function4.aws_iam_policy.additional_json",
            "module.lambdas.module.lambda_function4.aws_iam_policy.additional_jsons",
            "module.lambdas.module.lambda_function4.aws_iam_policy.async",
            "module.lambdas.module.lambda_function4.aws_iam_policy.dead_letter",
            "module.lambdas.module.lambda_function4.aws_iam_policy.logs",
            "module.lambdas.module.lambda_function4.aws_iam_policy.tracing",
            "module.lambdas.module.lambda_function4.aws_iam_policy.vpc",
            "module.lambdas.module.lambda_function4.aws_iam_role.lambda",
            "module.lambdas.module.lambda_function4.aws_iam_role_policy_attachment.additional_inline",
            "module.lambdas.module.lambda_function4.aws_iam_role_policy_attachment.additional_json",
            "module.lambdas.module.lambda_function4.aws_iam_role_policy_attachment.additional_jsons",
            "module.lambdas.module.lambda_function4.aws_iam_role_policy_attachment.additional_many",
            "module.lambdas.module.lambda_function4.aws_iam_role_policy_attachment.additional_one",
            "module.lambdas.module.lambda_function4.aws_iam_role_policy_attachment.async",
            "module.lambdas.module.lambda_function4.aws_iam_role_policy_attachment.dead_letter",
            "module.lambdas.module.lambda_function4.aws_iam_role_policy_attachment.logs",
            "module.lambdas.module.lambda_function4.aws_iam_role_policy_attachment.tracing",
            "module.lambdas.module.lambda_function4.aws_iam_role_policy_attachment.vpc",
            "module.lambdas.module.lambda_function4.aws_s3_object.lambda_package",
            "module.lambdas.module.lambda_function4.data.aws_arn.log_group_arn",
            "module.lambdas.module.lambda_function4.data.aws_cloudwatch_log_group.lambda",
            "module.lambdas.module.lambda_function4.data.aws_iam_policy.tracing",
            "module.lambdas.module.lambda_function4.data.aws_iam_policy.vpc",
            "module.lambdas.module.lambda_function4.data.aws_iam_policy_document.additional_inline",
            "module.lambdas.module.lambda_function4.data.aws_iam_policy_document.assume_role",
            "module.lambdas.module.lambda_function4.data.aws_iam_policy_document.async",
            "module.lambdas.module.lambda_function4.data.aws_iam_policy_document.dead_letter",
            "module.lambdas.module.lambda_function4.data.aws_iam_policy_document.logs",
            "module.lambdas.module.lambda_function4.data.aws_partition.current",
            "module.lambdas.module.lambda_function4.data.external.archive_prepare",
            "module.lambdas.module.lambda_function4.local_file.archive_plan",
            "module.lambdas.module.lambda_function4.null_resource.archive"
          ]
        }
      ]
    },
    {
      "module": "module.lambdas.module.lambda_function4",
      "mode": "managed",
      "type": "local_file",
      "name": "archive_plan",
      "provider": "provider[\"registry.terraform.io/hashicorp/local\"]",
      "instances": [
        {
          "index_key": 0,
          "schema_version": 0,
          "attributes": {
            "content": "{\"filename\": \"builds/21cacac159a527815f035536b3eb4940bf2034364f23c4025fb9454ca15bbef3.zip\", \"runtime\": \"nodejs16.x\", \"artifacts_dir\": \"builds\", \"build_plan\": [[\"zip\", \"modules/lambda/src/save-course\", null]]}",
            "content_base64": null,
            "content_base64sha256": "ATC65QB8wUezHzrXSJpKVnZUdHk3bScM3sdJyp9y6fA=",
            "content_base64sha512": "xHBCEYOFn4JTfEr2g0Ozk43lx2hpY/ev2W+hVwWZ53i0BVINgO2Wl7mishlS5Lb8TmLhD+jitLA+ykp3KMsW4w==",
            "content_md5": "41adf227fe00c50e95e7328c21f22d91",
            "content_sha1": "79092e9d19d15ff44172296a82a328aec8921e0d",
            "content_sha256": "0130bae5007cc147b31f3ad7489a4a5676547479376d270cdec749ca9f72e9f0",
            "content_sha512": "c470421183859f82537c4af68343b3938de5c7686963f7afd96fa1570599e778b405520d80ed9697b9a2b21952e4b6fc4e62e10fe8e2b4b03eca4a7728cb16e3",
            "directory_permission": "0755",
            "file_permission": "0644",
            "filename": "builds/21cacac159a527815f035536b3eb4940bf2034364f23c4025fb9454ca15bbef3.plan.json",
            "id": "79092e9d19d15ff44172296a82a328aec8921e0d",
            "sensitive_content": null,
            "source": null
          },
          "sensitive_attributes": [],
          "dependencies": [
            "module.lambdas.module.lambda_function4.data.external.archive_prepare"
          ]
        }
      ]
    },
    {
      "module": "module.lambdas.module.lambda_function4",
      "mode": "managed",
      "type": "null_resource",
      "name": "archive",
      "provider": "provider[\"registry.terraform.io/hashicorp/null\"]",
      "instances": [
        {
          "index_key": 0,
          "schema_version": 0,
          "attributes": {
            "id": "5760607323511574553",
            "triggers": {
              "filename": "builds/21cacac159a527815f035536b3eb4940bf2034364f23c4025fb9454ca15bbef3.zip",
              "timestamp": "1711483955166414000"
            }
          },
          "sensitive_attributes": [],
          "dependencies": [
            "module.lambdas.module.lambda_function4.data.external.archive_prepare",
            "module.lambdas.module.lambda_function4.local_file.archive_plan"
          ]
        }
      ]
    },
    {
      "module": "module.lambdas.module.lambda_function5",
      "mode": "data",
      "type": "aws_caller_identity",
      "name": "current",
      "provider": "provider[\"registry.terraform.io/hashicorp/aws\"]",
      "instances": [
        {
          "schema_version": 0,
          "attributes": {
            "account_id": "767397787090",
            "arn": "arn:aws:iam::767397787090:user/vscode-user",
            "id": "767397787090",
            "user_id": "AIDA3FLDY6XJPCJ7TIVWQ"
          },
          "sensitive_attributes": []
        }
      ]
    },
    {
      "module": "module.lambdas.module.lambda_function5",
      "mode": "data",
      "type": "aws_iam_policy_document",
      "name": "assume_role",
      "provider": "provider[\"registry.terraform.io/hashicorp/aws\"]",
      "instances": [
        {
          "index_key": 0,
          "schema_version": 0,
          "attributes": {
            "id": "2690255455",
            "json": "{\n  \"Version\": \"2012-10-17\",\n  \"Statement\": [\n    {\n      \"Effect\": \"Allow\",\n      \"Action\": \"sts:AssumeRole\",\n      \"Principal\": {\n        \"Service\": \"lambda.amazonaws.com\"\n      }\n    }\n  ]\n}",
            "override_policy_documents": null,
            "policy_id": null,
            "source_policy_documents": null,
            "statement": [
              {
                "actions": [
                  "sts:AssumeRole"
                ],
                "condition": [],
                "effect": "Allow",
                "not_actions": [],
                "not_principals": [],
                "not_resources": [],
                "principals": [
                  {
                    "identifiers": [
                      "lambda.amazonaws.com"
                    ],
                    "type": "Service"
                  }
                ],
                "resources": [],
                "sid": ""
              }
            ],
            "version": "2012-10-17"
          },
          "sensitive_attributes": []
        }
      ]
    },
    {
      "module": "module.lambdas.module.lambda_function5",
      "mode": "data",
      "type": "aws_iam_policy_document",
      "name": "logs",
      "provider": "provider[\"registry.terraform.io/hashicorp/aws\"]",
      "instances": [
        {
          "index_key": 0,
          "schema_version": 0,
          "attributes": {
            "id": "1008897428",
            "json": "{\n  \"Version\": \"2012-10-17\",\n  \"Statement\": [\n    {\n      \"Effect\": \"Allow\",\n      \"Action\": [\n        \"logs:PutLogEvents\",\n        \"logs:CreateLogStream\",\n        \"logs:CreateLogGroup\"\n      ],\n      \"Resource\": [\n        \"arn:aws:logs:eu-central-1:767397787090:log-group:/aws/lambda/update-course:*:*\",\n        \"arn:aws:logs:eu-central-1:767397787090:log-group:/aws/lambda/update-course:*\"\n      ]\n    }\n  ]\n}",
            "override_policy_documents": null,
            "policy_id": null,
            "source_policy_documents": null,
            "statement": [
              {
                "actions": [
                  "logs:CreateLogGroup",
                  "logs:CreateLogStream",
                  "logs:PutLogEvents"
                ],
                "condition": [],
                "effect": "Allow",
                "not_actions": [],
                "not_principals": [],
                "not_resources": [],
                "principals": [],
                "resources": [
                  "arn:aws:logs:eu-central-1:767397787090:log-group:/aws/lambda/update-course:*",
                  "arn:aws:logs:eu-central-1:767397787090:log-group:/aws/lambda/update-course:*:*"
                ],
                "sid": ""
              }
            ],
            "version": "2012-10-17"
          },
          "sensitive_attributes": []
        }
      ]
    },
    {
      "module": "module.lambdas.module.lambda_function5",
      "mode": "data",
      "type": "aws_partition",
      "name": "current",
      "provider": "provider[\"registry.terraform.io/hashicorp/aws\"]",
      "instances": [
        {
          "schema_version": 0,
          "attributes": {
            "dns_suffix": "amazonaws.com",
            "id": "aws",
            "partition": "aws",
            "reverse_dns_prefix": "com.amazonaws"
          },
          "sensitive_attributes": []
        }
      ]
    },
    {
      "module": "module.lambdas.module.lambda_function5",
      "mode": "data",
      "type": "aws_region",
      "name": "current",
      "provider": "provider[\"registry.terraform.io/hashicorp/aws\"]",
      "instances": [
        {
          "schema_version": 0,
          "attributes": {
            "description": "Europe (Frankfurt)",
            "endpoint": "ec2.eu-central-1.amazonaws.com",
            "id": "eu-central-1",
            "name": "eu-central-1"
          },
          "sensitive_attributes": []
        }
      ]
    },
    {
      "module": "module.lambdas.module.lambda_function5",
      "mode": "data",
      "type": "external",
      "name": "archive_prepare",
      "provider": "provider[\"registry.terraform.io/hashicorp/external\"]",
      "instances": [
        {
          "index_key": 0,
          "schema_version": 0,
          "attributes": {
            "id": "-",
            "program": [
              "python3",
              ".terraform/modules/lambdas.lambda_function5/package.py",
              "prepare"
            ],
            "query": {
              "artifacts_dir": "builds",
              "docker": null,
              "hash_extra": "",
              "hash_extra_paths": "[]",
              "paths": "{\"cwd\":\"/Users/uliazapletnuk/Desktop/^_^/хмарні/cloudTechnologies\",\"module\":\".terraform/modules/lambdas.lambda_function5\",\"root\":\".\"}",
              "recreate_missing_package": "true",
              "runtime": "nodejs16.x",
              "source_path": "\"modules/lambda/src/update-course\""
            },
            "result": {
              "build_plan": "{\"filename\": \"builds/5173cc9dd07fdad2981b56873f1d6ffdf9b09142f76bb46bfa21e01e533a6f1c.zip\", \"runtime\": \"nodejs16.x\", \"artifacts_dir\": \"builds\", \"build_plan\": [[\"zip\", \"modules/lambda/src/update-course\", null]]}",
              "build_plan_filename": "builds/5173cc9dd07fdad2981b56873f1d6ffdf9b09142f76bb46bfa21e01e533a6f1c.plan.json",
              "filename": "builds/5173cc9dd07fdad2981b56873f1d6ffdf9b09142f76bb46bfa21e01e533a6f1c.zip",
              "timestamp": "1711483955167886000",
              "was_missing": "false"
            },
            "working_dir": null
          },
          "sensitive_attributes": []
        }
      ]
    },
    {
      "module": "module.lambdas.module.lambda_function5",
      "mode": "managed",
      "type": "aws_cloudwatch_log_group",
      "name": "lambda",
      "provider": "provider[\"registry.terraform.io/hashicorp/aws\"]",
      "instances": [
        {
          "index_key": 0,
          "schema_version": 0,
          "attributes": {
            "arn": "arn:aws:logs:eu-central-1:767397787090:log-group:/aws/lambda/update-course",
            "id": "/aws/lambda/update-course",
            "kms_key_id": "",
            "log_group_class": "STANDARD",
            "name": "/aws/lambda/update-course",
            "name_prefix": "",
            "retention_in_days": 0,
            "skip_destroy": false,
            "tags": null,
            "tags_all": {}
          },
          "sensitive_attributes": [],
          "private": "bnVsbA=="
        }
      ]
    },
    {
      "module": "module.lambdas.module.lambda_function5",
      "mode": "managed",
      "type": "aws_iam_policy",
      "name": "logs",
      "provider": "provider[\"registry.terraform.io/hashicorp/aws\"]",
      "instances": [
        {
          "index_key": 0,
          "schema_version": 0,
          "attributes": {
            "arn": "arn:aws:iam::767397787090:policy/update-course-logs",
            "description": "",
            "id": "arn:aws:iam::767397787090:policy/update-course-logs",
            "name": "update-course-logs",
            "name_prefix": "",
            "path": "/",
            "policy": "{\"Statement\":[{\"Action\":[\"logs:PutLogEvents\",\"logs:CreateLogStream\",\"logs:CreateLogGroup\"],\"Effect\":\"Allow\",\"Resource\":[\"arn:aws:logs:eu-central-1:767397787090:log-group:/aws/lambda/update-course:*:*\",\"arn:aws:logs:eu-central-1:767397787090:log-group:/aws/lambda/update-course:*\"]}],\"Version\":\"2012-10-17\"}",
            "policy_id": "ANPA3FLDY6XJPAY7KIS6J",
            "tags": {},
            "tags_all": {}
          },
          "sensitive_attributes": [],
          "private": "bnVsbA==",
          "dependencies": [
            "module.lambdas.module.lambda_function5.aws_cloudwatch_log_group.lambda",
            "module.lambdas.module.lambda_function5.data.aws_arn.log_group_arn",
            "module.lambdas.module.lambda_function5.data.aws_cloudwatch_log_group.lambda",
            "module.lambdas.module.lambda_function5.data.aws_iam_policy_document.logs"
          ]
        }
      ]
    },
    {
      "module": "module.lambdas.module.lambda_function5",
      "mode": "managed",
      "type": "aws_iam_role",
      "name": "lambda",
      "provider": "provider[\"registry.terraform.io/hashicorp/aws\"]",
      "instances": [
        {
          "index_key": 0,
          "schema_version": 0,
          "attributes": {
            "arn": "arn:aws:iam::767397787090:role/update-course",
            "assume_role_policy": "{\"Statement\":[{\"Action\":\"sts:AssumeRole\",\"Effect\":\"Allow\",\"Principal\":{\"Service\":\"lambda.amazonaws.com\"}}],\"Version\":\"2012-10-17\"}",
            "create_date": "2024-03-26T20:27:00Z",
            "description": "",
            "force_detach_policies": true,
            "id": "update-course",
            "inline_policy": [],
            "managed_policy_arns": [],
            "max_session_duration": 3600,
            "name": "update-course",
            "name_prefix": "",
            "path": "/",
            "permissions_boundary": "",
            "tags": null,
            "tags_all": {},
            "unique_id": "AROA3FLDY6XJOCL4ZU6J5"
          },
          "sensitive_attributes": [],
          "private": "bnVsbA==",
          "dependencies": [
            "module.lambdas.module.lambda_function5.data.aws_iam_policy_document.assume_role"
          ]
        }
      ]
    },
    {
      "module": "module.lambdas.module.lambda_function5",
      "mode": "managed",
      "type": "aws_iam_role_policy_attachment",
      "name": "logs",
      "provider": "provider[\"registry.terraform.io/hashicorp/aws\"]",
      "instances": [
        {
          "index_key": 0,
          "schema_version": 0,
          "attributes": {
            "id": "update-course-20240326202701270000000003",
            "policy_arn": "arn:aws:iam::767397787090:policy/update-course-logs",
            "role": "update-course"
          },
          "sensitive_attributes": [],
          "private": "bnVsbA==",
          "dependencies": [
            "module.lambdas.module.lambda_function5.aws_cloudwatch_log_group.lambda",
            "module.lambdas.module.lambda_function5.aws_iam_policy.logs",
            "module.lambdas.module.lambda_function5.aws_iam_role.lambda",
            "module.lambdas.module.lambda_function5.data.aws_arn.log_group_arn",
            "module.lambdas.module.lambda_function5.data.aws_cloudwatch_log_group.lambda",
            "module.lambdas.module.lambda_function5.data.aws_iam_policy_document.assume_role",
            "module.lambdas.module.lambda_function5.data.aws_iam_policy_document.logs"
          ]
        }
      ]
    },
    {
      "module": "module.lambdas.module.lambda_function5",
      "mode": "managed",
      "type": "aws_lambda_function",
      "name": "this",
      "provider": "provider[\"registry.terraform.io/hashicorp/aws\"]",
      "instances": [
        {
          "index_key": 0,
          "schema_version": 0,
          "attributes": {
            "architectures": [
              "x86_64"
            ],
            "arn": "arn:aws:lambda:eu-central-1:767397787090:function:update-course",
            "code_signing_config_arn": "",
            "dead_letter_config": [],
            "description": "lambda function",
            "environment": [],
            "ephemeral_storage": [
              {
                "size": 512
              }
            ],
            "file_system_config": [],
            "filename": "builds/5173cc9dd07fdad2981b56873f1d6ffdf9b09142f76bb46bfa21e01e533a6f1c.zip",
            "function_name": "update-course",
            "handler": "index.handler",
            "id": "update-course",
            "image_config": [],
            "image_uri": "",
            "invoke_arn": "arn:aws:apigateway:eu-central-1:lambda:path/2015-03-31/functions/arn:aws:lambda:eu-central-1:767397787090:function:update-course/invocations",
            "kms_key_arn": "",
            "last_modified": "2024-03-26T20:27:15.011+0000",
            "layers": null,
            "logging_config": [
              {
                "application_log_level": "",
                "log_format": "Text",
                "log_group": "/aws/lambda/update-course",
                "system_log_level": ""
              }
            ],
            "memory_size": 128,
            "package_type": "Zip",
            "publish": false,
            "qualified_arn": "arn:aws:lambda:eu-central-1:767397787090:function:update-course:$LATEST",
            "qualified_invoke_arn": "arn:aws:apigateway:eu-central-1:lambda:path/2015-03-31/functions/arn:aws:lambda:eu-central-1:767397787090:function:update-course:$LATEST/invocations",
            "replace_security_groups_on_destroy": null,
            "replacement_security_group_ids": null,
            "reserved_concurrent_executions": -1,
            "role": "arn:aws:iam::767397787090:role/update-course",
            "runtime": "nodejs16.x",
            "s3_bucket": null,
            "s3_key": null,
            "s3_object_version": null,
            "signing_job_arn": "",
            "signing_profile_version_arn": "",
            "skip_destroy": false,
            "snap_start": [],
            "source_code_hash": "aYwXvw1vvf9L3dZF6K0tv6qemxVyAWHiFiTQ40COgKE=",
            "source_code_size": 499,
            "tags": null,
            "tags_all": {},
            "timeout": 3,
            "timeouts": null,
            "tracing_config": [
              {
                "mode": "PassThrough"
              }
            ],
            "version": "$LATEST",
            "vpc_config": []
          },
          "sensitive_attributes": [],
          "private": "eyJlMmJmYjczMC1lY2FhLTExZTYtOGY4OC0zNDM2M2JjN2M0YzAiOnsiY3JlYXRlIjo2MDAwMDAwMDAwMDAsImRlbGV0ZSI6NjAwMDAwMDAwMDAwLCJ1cGRhdGUiOjYwMDAwMDAwMDAwMH19",
          "dependencies": [
            "module.lambdas.module.lambda_function5.aws_cloudwatch_log_group.lambda",
            "module.lambdas.module.lambda_function5.aws_iam_policy.additional_inline",
            "module.lambdas.module.lambda_function5.aws_iam_policy.additional_json",
            "module.lambdas.module.lambda_function5.aws_iam_policy.additional_jsons",
            "module.lambdas.module.lambda_function5.aws_iam_policy.async",
            "module.lambdas.module.lambda_function5.aws_iam_policy.dead_letter",
            "module.lambdas.module.lambda_function5.aws_iam_policy.logs",
            "module.lambdas.module.lambda_function5.aws_iam_policy.tracing",
            "module.lambdas.module.lambda_function5.aws_iam_policy.vpc",
            "module.lambdas.module.lambda_function5.aws_iam_role.lambda",
            "module.lambdas.module.lambda_function5.aws_iam_role_policy_attachment.additional_inline",
            "module.lambdas.module.lambda_function5.aws_iam_role_policy_attachment.additional_json",
            "module.lambdas.module.lambda_function5.aws_iam_role_policy_attachment.additional_jsons",
            "module.lambdas.module.lambda_function5.aws_iam_role_policy_attachment.additional_many",
            "module.lambdas.module.lambda_function5.aws_iam_role_policy_attachment.additional_one",
            "module.lambdas.module.lambda_function5.aws_iam_role_policy_attachment.async",
            "module.lambdas.module.lambda_function5.aws_iam_role_policy_attachment.dead_letter",
            "module.lambdas.module.lambda_function5.aws_iam_role_policy_attachment.logs",
            "module.lambdas.module.lambda_function5.aws_iam_role_policy_attachment.tracing",
            "module.lambdas.module.lambda_function5.aws_iam_role_policy_attachment.vpc",
            "module.lambdas.module.lambda_function5.aws_s3_object.lambda_package",
            "module.lambdas.module.lambda_function5.data.aws_arn.log_group_arn",
            "module.lambdas.module.lambda_function5.data.aws_cloudwatch_log_group.lambda",
            "module.lambdas.module.lambda_function5.data.aws_iam_policy.tracing",
            "module.lambdas.module.lambda_function5.data.aws_iam_policy.vpc",
            "module.lambdas.module.lambda_function5.data.aws_iam_policy_document.additional_inline",
            "module.lambdas.module.lambda_function5.data.aws_iam_policy_document.assume_role",
            "module.lambdas.module.lambda_function5.data.aws_iam_policy_document.async",
            "module.lambdas.module.lambda_function5.data.aws_iam_policy_document.dead_letter",
            "module.lambdas.module.lambda_function5.data.aws_iam_policy_document.logs",
            "module.lambdas.module.lambda_function5.data.aws_partition.current",
            "module.lambdas.module.lambda_function5.data.external.archive_prepare",
            "module.lambdas.module.lambda_function5.local_file.archive_plan",
            "module.lambdas.module.lambda_function5.null_resource.archive"
          ]
        }
      ]
    },
    {
      "module": "module.lambdas.module.lambda_function5",
      "mode": "managed",
      "type": "local_file",
      "name": "archive_plan",
      "provider": "provider[\"registry.terraform.io/hashicorp/local\"]",
      "instances": [
        {
          "index_key": 0,
          "schema_version": 0,
          "attributes": {
            "content": "{\"filename\": \"builds/5173cc9dd07fdad2981b56873f1d6ffdf9b09142f76bb46bfa21e01e533a6f1c.zip\", \"runtime\": \"nodejs16.x\", \"artifacts_dir\": \"builds\", \"build_plan\": [[\"zip\", \"modules/lambda/src/update-course\", null]]}",
            "content_base64": null,
            "content_base64sha256": "VVSPHL3iRuossFPWPnxoobn8YeUUmCVZzlbHCQ4zOJA=",
            "content_base64sha512": "LroR4dDS4UqPifPqNh+bZGzk5MQWkXTE791wcWVrfqaW872KXhe+OifyLzDq/9H0h16wR4Blk1jjyKb/twsl5Q==",
            "content_md5": "033a69736ec10ad387746a4fe3ace56c",
            "content_sha1": "8b909ecaa0fa41725817d1415533a453efb19f31",
            "content_sha256": "55548f1cbde246ea2cb053d63e7c68a1b9fc61e514982559ce56c7090e333890",
            "content_sha512": "2eba11e1d0d2e14a8f89f3ea361f9b646ce4e4c4169174c4efdd7071656b7ea696f3bd8a5e17be3a27f22f30eaffd1f4875eb04780659358e3c8a6ffb70b25e5",
            "directory_permission": "0755",
            "file_permission": "0644",
            "filename": "builds/5173cc9dd07fdad2981b56873f1d6ffdf9b09142f76bb46bfa21e01e533a6f1c.plan.json",
            "id": "8b909ecaa0fa41725817d1415533a453efb19f31",
            "sensitive_content": null,
            "source": null
          },
          "sensitive_attributes": [],
          "dependencies": [
            "module.lambdas.module.lambda_function5.data.external.archive_prepare"
          ]
        }
      ]
    },
    {
      "module": "module.lambdas.module.lambda_function5",
      "mode": "managed",
      "type": "null_resource",
      "name": "archive",
      "provider": "provider[\"registry.terraform.io/hashicorp/null\"]",
      "instances": [
        {
          "index_key": 0,
          "schema_version": 0,
          "attributes": {
            "id": "8553501057639452079",
            "triggers": {
              "filename": "builds/5173cc9dd07fdad2981b56873f1d6ffdf9b09142f76bb46bfa21e01e533a6f1c.zip",
              "timestamp": "1711483955167886000"
            }
          },
          "sensitive_attributes": [],
          "dependencies": [
            "module.lambdas.module.lambda_function5.data.external.archive_prepare",
            "module.lambdas.module.lambda_function5.local_file.archive_plan"
          ]
        }
      ]
    },
    {
      "module": "module.lambdas.module.lambda_function6",
      "mode": "data",
      "type": "aws_caller_identity",
      "name": "current",
      "provider": "provider[\"registry.terraform.io/hashicorp/aws\"]",
      "instances": [
        {
          "schema_version": 0,
          "attributes": {
            "account_id": "767397787090",
            "arn": "arn:aws:iam::767397787090:user/vscode-user",
            "id": "767397787090",
            "user_id": "AIDA3FLDY6XJPCJ7TIVWQ"
          },
          "sensitive_attributes": []
        }
      ]
    },
    {
      "module": "module.lambdas.module.lambda_function6",
      "mode": "data",
      "type": "aws_iam_policy_document",
      "name": "assume_role",
      "provider": "provider[\"registry.terraform.io/hashicorp/aws\"]",
      "instances": [
        {
          "index_key": 0,
          "schema_version": 0,
          "attributes": {
            "id": "2690255455",
            "json": "{\n  \"Version\": \"2012-10-17\",\n  \"Statement\": [\n    {\n      \"Effect\": \"Allow\",\n      \"Action\": \"sts:AssumeRole\",\n      \"Principal\": {\n        \"Service\": \"lambda.amazonaws.com\"\n      }\n    }\n  ]\n}",
            "override_policy_documents": null,
            "policy_id": null,
            "source_policy_documents": null,
            "statement": [
              {
                "actions": [
                  "sts:AssumeRole"
                ],
                "condition": [],
                "effect": "Allow",
                "not_actions": [],
                "not_principals": [],
                "not_resources": [],
                "principals": [
                  {
                    "identifiers": [
                      "lambda.amazonaws.com"
                    ],
                    "type": "Service"
                  }
                ],
                "resources": [],
                "sid": ""
              }
            ],
            "version": "2012-10-17"
          },
          "sensitive_attributes": []
        }
      ]
    },
    {
      "module": "module.lambdas.module.lambda_function6",
      "mode": "data",
      "type": "aws_iam_policy_document",
      "name": "logs",
      "provider": "provider[\"registry.terraform.io/hashicorp/aws\"]",
      "instances": [
        {
          "index_key": 0,
          "schema_version": 0,
          "attributes": {
            "id": "111599075",
            "json": "{\n  \"Version\": \"2012-10-17\",\n  \"Statement\": [\n    {\n      \"Effect\": \"Allow\",\n      \"Action\": [\n        \"logs:PutLogEvents\",\n        \"logs:CreateLogStream\",\n        \"logs:CreateLogGroup\"\n      ],\n      \"Resource\": [\n        \"arn:aws:logs:eu-central-1:767397787090:log-group:/aws/lambda/delete-course:*:*\",\n        \"arn:aws:logs:eu-central-1:767397787090:log-group:/aws/lambda/delete-course:*\"\n      ]\n    }\n  ]\n}",
            "override_policy_documents": null,
            "policy_id": null,
            "source_policy_documents": null,
            "statement": [
              {
                "actions": [
                  "logs:CreateLogGroup",
                  "logs:CreateLogStream",
                  "logs:PutLogEvents"
                ],
                "condition": [],
                "effect": "Allow",
                "not_actions": [],
                "not_principals": [],
                "not_resources": [],
                "principals": [],
                "resources": [
                  "arn:aws:logs:eu-central-1:767397787090:log-group:/aws/lambda/delete-course:*",
                  "arn:aws:logs:eu-central-1:767397787090:log-group:/aws/lambda/delete-course:*:*"
                ],
                "sid": ""
              }
            ],
            "version": "2012-10-17"
          },
          "sensitive_attributes": []
        }
      ]
    },
    {
      "module": "module.lambdas.module.lambda_function6",
      "mode": "data",
      "type": "aws_partition",
      "name": "current",
      "provider": "provider[\"registry.terraform.io/hashicorp/aws\"]",
      "instances": [
        {
          "schema_version": 0,
          "attributes": {
            "dns_suffix": "amazonaws.com",
            "id": "aws",
            "partition": "aws",
            "reverse_dns_prefix": "com.amazonaws"
          },
          "sensitive_attributes": []
        }
      ]
    },
    {
      "module": "module.lambdas.module.lambda_function6",
      "mode": "data",
      "type": "aws_region",
      "name": "current",
      "provider": "provider[\"registry.terraform.io/hashicorp/aws\"]",
      "instances": [
        {
          "schema_version": 0,
          "attributes": {
            "description": "Europe (Frankfurt)",
            "endpoint": "ec2.eu-central-1.amazonaws.com",
            "id": "eu-central-1",
            "name": "eu-central-1"
          },
          "sensitive_attributes": []
        }
      ]
    },
    {
      "module": "module.lambdas.module.lambda_function6",
      "mode": "data",
      "type": "external",
      "name": "archive_prepare",
      "provider": "provider[\"registry.terraform.io/hashicorp/external\"]",
      "instances": [
        {
          "index_key": 0,
          "schema_version": 0,
          "attributes": {
            "id": "-",
            "program": [
              "python3",
              ".terraform/modules/lambdas.lambda_function6/package.py",
              "prepare"
            ],
            "query": {
              "artifacts_dir": "builds",
              "docker": null,
              "hash_extra": "",
              "hash_extra_paths": "[]",
              "paths": "{\"cwd\":\"/Users/uliazapletnuk/Desktop/^_^/хмарні/cloudTechnologies\",\"module\":\".terraform/modules/lambdas.lambda_function6\",\"root\":\".\"}",
              "recreate_missing_package": "true",
              "runtime": "nodejs16.x",
              "source_path": "\"modules/lambda/src/delete-course\""
            },
            "result": {
              "build_plan": "{\"filename\": \"builds/12967f4daaf09e90ba8bb253139fee5a0cf760efd5bb01d4dbdf4be531cd0d2d.zip\", \"runtime\": \"nodejs16.x\", \"artifacts_dir\": \"builds\", \"build_plan\": [[\"zip\", \"modules/lambda/src/delete-course\", null]]}",
              "build_plan_filename": "builds/12967f4daaf09e90ba8bb253139fee5a0cf760efd5bb01d4dbdf4be531cd0d2d.plan.json",
              "filename": "builds/12967f4daaf09e90ba8bb253139fee5a0cf760efd5bb01d4dbdf4be531cd0d2d.zip",
              "timestamp": "1711483955166570000",
              "was_missing": "false"
            },
            "working_dir": null
          },
          "sensitive_attributes": []
        }
      ]
    },
    {
      "module": "module.lambdas.module.lambda_function6",
      "mode": "managed",
      "type": "aws_cloudwatch_log_group",
      "name": "lambda",
      "provider": "provider[\"registry.terraform.io/hashicorp/aws\"]",
      "instances": [
        {
          "index_key": 0,
          "schema_version": 0,
          "attributes": {
            "arn": "arn:aws:logs:eu-central-1:767397787090:log-group:/aws/lambda/delete-course",
            "id": "/aws/lambda/delete-course",
            "kms_key_id": "",
            "log_group_class": "STANDARD",
            "name": "/aws/lambda/delete-course",
            "name_prefix": "",
            "retention_in_days": 0,
            "skip_destroy": false,
            "tags": null,
            "tags_all": {}
          },
          "sensitive_attributes": [],
          "private": "bnVsbA=="
        }
      ]
    },
    {
      "module": "module.lambdas.module.lambda_function6",
      "mode": "managed",
      "type": "aws_iam_policy",
      "name": "logs",
      "provider": "provider[\"registry.terraform.io/hashicorp/aws\"]",
      "instances": [
        {
          "index_key": 0,
          "schema_version": 0,
          "attributes": {
            "arn": "arn:aws:iam::767397787090:policy/delete-course-logs",
            "description": "",
            "id": "arn:aws:iam::767397787090:policy/delete-course-logs",
            "name": "delete-course-logs",
            "name_prefix": "",
            "path": "/",
            "policy": "{\"Statement\":[{\"Action\":[\"logs:PutLogEvents\",\"logs:CreateLogStream\",\"logs:CreateLogGroup\"],\"Effect\":\"Allow\",\"Resource\":[\"arn:aws:logs:eu-central-1:767397787090:log-group:/aws/lambda/delete-course:*:*\",\"arn:aws:logs:eu-central-1:767397787090:log-group:/aws/lambda/delete-course:*\"]}],\"Version\":\"2012-10-17\"}",
            "policy_id": "ANPA3FLDY6XJILN3Q3V5G",
            "tags": {},
            "tags_all": {}
          },
          "sensitive_attributes": [],
          "private": "bnVsbA==",
          "dependencies": [
            "module.lambdas.module.lambda_function6.aws_cloudwatch_log_group.lambda",
            "module.lambdas.module.lambda_function6.data.aws_arn.log_group_arn",
            "module.lambdas.module.lambda_function6.data.aws_cloudwatch_log_group.lambda",
            "module.lambdas.module.lambda_function6.data.aws_iam_policy_document.logs"
          ]
        }
      ]
    },
    {
      "module": "module.lambdas.module.lambda_function6",
      "mode": "managed",
      "type": "aws_iam_role",
      "name": "lambda",
      "provider": "provider[\"registry.terraform.io/hashicorp/aws\"]",
      "instances": [
        {
          "index_key": 0,
          "schema_version": 0,
          "attributes": {
            "arn": "arn:aws:iam::767397787090:role/delete-course",
            "assume_role_policy": "{\"Statement\":[{\"Action\":\"sts:AssumeRole\",\"Effect\":\"Allow\",\"Principal\":{\"Service\":\"lambda.amazonaws.com\"}}],\"Version\":\"2012-10-17\"}",
            "create_date": "2024-03-26T20:27:00Z",
            "description": "",
            "force_detach_policies": true,
            "id": "delete-course",
            "inline_policy": [],
            "managed_policy_arns": [],
            "max_session_duration": 3600,
            "name": "delete-course",
            "name_prefix": "",
            "path": "/",
            "permissions_boundary": "",
            "tags": null,
            "tags_all": {},
            "unique_id": "AROA3FLDY6XJOIRBIZP5N"
          },
          "sensitive_attributes": [],
          "private": "bnVsbA==",
          "dependencies": [
            "module.lambdas.module.lambda_function6.data.aws_iam_policy_document.assume_role"
          ]
        }
      ]
    },
    {
      "module": "module.lambdas.module.lambda_function6",
      "mode": "managed",
      "type": "aws_iam_role_policy_attachment",
      "name": "logs",
      "provider": "provider[\"registry.terraform.io/hashicorp/aws\"]",
      "instances": [
        {
          "index_key": 0,
          "schema_version": 0,
          "attributes": {
            "id": "delete-course-20240326202701178600000001",
            "policy_arn": "arn:aws:iam::767397787090:policy/delete-course-logs",
            "role": "delete-course"
          },
          "sensitive_attributes": [],
          "private": "bnVsbA==",
          "dependencies": [
            "module.lambdas.module.lambda_function6.aws_cloudwatch_log_group.lambda",
            "module.lambdas.module.lambda_function6.aws_iam_policy.logs",
            "module.lambdas.module.lambda_function6.aws_iam_role.lambda",
            "module.lambdas.module.lambda_function6.data.aws_arn.log_group_arn",
            "module.lambdas.module.lambda_function6.data.aws_cloudwatch_log_group.lambda",
            "module.lambdas.module.lambda_function6.data.aws_iam_policy_document.assume_role",
            "module.lambdas.module.lambda_function6.data.aws_iam_policy_document.logs"
          ]
        }
      ]
    },
    {
      "module": "module.lambdas.module.lambda_function6",
      "mode": "managed",
      "type": "aws_lambda_function",
      "name": "this",
      "provider": "provider[\"registry.terraform.io/hashicorp/aws\"]",
      "instances": [
        {
          "index_key": 0,
          "schema_version": 0,
          "attributes": {
            "architectures": [
              "x86_64"
            ],
            "arn": "arn:aws:lambda:eu-central-1:767397787090:function:delete-course",
            "code_signing_config_arn": "",
            "dead_letter_config": [],
            "description": "lambda function",
            "environment": [],
            "ephemeral_storage": [
              {
                "size": 512
              }
            ],
            "file_system_config": [],
            "filename": "builds/12967f4daaf09e90ba8bb253139fee5a0cf760efd5bb01d4dbdf4be531cd0d2d.zip",
            "function_name": "delete-course",
            "handler": "index.handler",
            "id": "delete-course",
            "image_config": [],
            "image_uri": "",
            "invoke_arn": "arn:aws:apigateway:eu-central-1:lambda:path/2015-03-31/functions/arn:aws:lambda:eu-central-1:767397787090:function:delete-course/invocations",
            "kms_key_arn": "",
            "last_modified": "2024-03-26T20:27:09.567+0000",
            "layers": null,
            "logging_config": [
              {
                "application_log_level": "",
                "log_format": "Text",
                "log_group": "/aws/lambda/delete-course",
                "system_log_level": ""
              }
            ],
            "memory_size": 128,
            "package_type": "Zip",
            "publish": false,
            "qualified_arn": "arn:aws:lambda:eu-central-1:767397787090:function:delete-course:$LATEST",
            "qualified_invoke_arn": "arn:aws:apigateway:eu-central-1:lambda:path/2015-03-31/functions/arn:aws:lambda:eu-central-1:767397787090:function:delete-course:$LATEST/invocations",
            "replace_security_groups_on_destroy": null,
            "replacement_security_group_ids": null,
            "reserved_concurrent_executions": -1,
            "role": "arn:aws:iam::767397787090:role/delete-course",
            "runtime": "nodejs16.x",
            "s3_bucket": null,
            "s3_key": null,
            "s3_object_version": null,
            "signing_job_arn": "",
            "signing_profile_version_arn": "",
            "skip_destroy": false,
            "snap_start": [],
            "source_code_hash": "/cL8UCuycOZxoLSpXCniCXMNYTn49hyVg9eDT1yFyTs=",
            "source_code_size": 393,
            "tags": null,
            "tags_all": {},
            "timeout": 3,
            "timeouts": null,
            "tracing_config": [
              {
                "mode": "PassThrough"
              }
            ],
            "version": "$LATEST",
            "vpc_config": []
          },
          "sensitive_attributes": [],
          "private": "eyJlMmJmYjczMC1lY2FhLTExZTYtOGY4OC0zNDM2M2JjN2M0YzAiOnsiY3JlYXRlIjo2MDAwMDAwMDAwMDAsImRlbGV0ZSI6NjAwMDAwMDAwMDAwLCJ1cGRhdGUiOjYwMDAwMDAwMDAwMH19",
          "dependencies": [
            "module.lambdas.module.lambda_function6.aws_cloudwatch_log_group.lambda",
            "module.lambdas.module.lambda_function6.aws_iam_policy.additional_inline",
            "module.lambdas.module.lambda_function6.aws_iam_policy.additional_json",
            "module.lambdas.module.lambda_function6.aws_iam_policy.additional_jsons",
            "module.lambdas.module.lambda_function6.aws_iam_policy.async",
            "module.lambdas.module.lambda_function6.aws_iam_policy.dead_letter",
            "module.lambdas.module.lambda_function6.aws_iam_policy.logs",
            "module.lambdas.module.lambda_function6.aws_iam_policy.tracing",
            "module.lambdas.module.lambda_function6.aws_iam_policy.vpc",
            "module.lambdas.module.lambda_function6.aws_iam_role.lambda",
            "module.lambdas.module.lambda_function6.aws_iam_role_policy_attachment.additional_inline",
            "module.lambdas.module.lambda_function6.aws_iam_role_policy_attachment.additional_json",
            "module.lambdas.module.lambda_function6.aws_iam_role_policy_attachment.additional_jsons",
            "module.lambdas.module.lambda_function6.aws_iam_role_policy_attachment.additional_many",
            "module.lambdas.module.lambda_function6.aws_iam_role_policy_attachment.additional_one",
            "module.lambdas.module.lambda_function6.aws_iam_role_policy_attachment.async",
            "module.lambdas.module.lambda_function6.aws_iam_role_policy_attachment.dead_letter",
            "module.lambdas.module.lambda_function6.aws_iam_role_policy_attachment.logs",
            "module.lambdas.module.lambda_function6.aws_iam_role_policy_attachment.tracing",
            "module.lambdas.module.lambda_function6.aws_iam_role_policy_attachment.vpc",
            "module.lambdas.module.lambda_function6.aws_s3_object.lambda_package",
            "module.lambdas.module.lambda_function6.data.aws_arn.log_group_arn",
            "module.lambdas.module.lambda_function6.data.aws_cloudwatch_log_group.lambda",
            "module.lambdas.module.lambda_function6.data.aws_iam_policy.tracing",
            "module.lambdas.module.lambda_function6.data.aws_iam_policy.vpc",
            "module.lambdas.module.lambda_function6.data.aws_iam_policy_document.additional_inline",
            "module.lambdas.module.lambda_function6.data.aws_iam_policy_document.assume_role",
            "module.lambdas.module.lambda_function6.data.aws_iam_policy_document.async",
            "module.lambdas.module.lambda_function6.data.aws_iam_policy_document.dead_letter",
            "module.lambdas.module.lambda_function6.data.aws_iam_policy_document.logs",
            "module.lambdas.module.lambda_function6.data.aws_partition.current",
            "module.lambdas.module.lambda_function6.data.external.archive_prepare",
            "module.lambdas.module.lambda_function6.local_file.archive_plan",
            "module.lambdas.module.lambda_function6.null_resource.archive"
          ]
        }
      ]
    },
    {
      "module": "module.lambdas.module.lambda_function6",
      "mode": "managed",
      "type": "local_file",
      "name": "archive_plan",
      "provider": "provider[\"registry.terraform.io/hashicorp/local\"]",
      "instances": [
        {
          "index_key": 0,
          "schema_version": 0,
          "attributes": {
            "content": "{\"filename\": \"builds/12967f4daaf09e90ba8bb253139fee5a0cf760efd5bb01d4dbdf4be531cd0d2d.zip\", \"runtime\": \"nodejs16.x\", \"artifacts_dir\": \"builds\", \"build_plan\": [[\"zip\", \"modules/lambda/src/delete-course\", null]]}",
            "content_base64": null,
            "content_base64sha256": "yTuAkJwuj/JT0Ui9+bTTqLJqmBgtJ2iR14ogEV8rDZs=",
            "content_base64sha512": "5yblSYa+MriDRdKReYRQYvt5QgKcWStvxRir/wrP+CXayS8d1uoArUbqQn74OWCfBUjnE3knTMRFCs3/pNdjEQ==",
            "content_md5": "fd4ce4ab7a56f884660f58951fe62148",
            "content_sha1": "fd5dca95d483f782702e17159bd910e324b20fd6",
            "content_sha256": "c93b80909c2e8ff253d148bdf9b4d3a8b26a98182d276891d78a20115f2b0d9b",
            "content_sha512": "e726e54986be32b88345d29179845062fb7942029c592b6fc518abff0acff825dac92f1dd6ea00ad46ea427ef839609f0548e71379274cc4450acdffa4d76311",
            "directory_permission": "0755",
            "file_permission": "0644",
            "filename": "builds/12967f4daaf09e90ba8bb253139fee5a0cf760efd5bb01d4dbdf4be531cd0d2d.plan.json",
            "id": "fd5dca95d483f782702e17159bd910e324b20fd6",
            "sensitive_content": null,
            "source": null
          },
          "sensitive_attributes": [],
          "dependencies": [
            "module.lambdas.module.lambda_function6.data.external.archive_prepare"
          ]
        }
      ]
    },
    {
      "module": "module.lambdas.module.lambda_function6",
      "mode": "managed",
      "type": "null_resource",
      "name": "archive",
      "provider": "provider[\"registry.terraform.io/hashicorp/null\"]",
      "instances": [
        {
          "index_key": 0,
          "schema_version": 0,
          "attributes": {
            "id": "8720393865480277308",
            "triggers": {
              "filename": "builds/12967f4daaf09e90ba8bb253139fee5a0cf760efd5bb01d4dbdf4be531cd0d2d.zip",
              "timestamp": "1711483955166570000"
            }
          },
          "sensitive_attributes": [],
          "dependencies": [
            "module.lambdas.module.lambda_function6.data.external.archive_prepare",
            "module.lambdas.module.lambda_function6.local_file.archive_plan"
          ]
        }
      ]
    },
    {
      "module": "module.s3",
      "mode": "managed",
      "type": "aws_s3_bucket",
      "name": "this",
      "provider": "provider[\"registry.terraform.io/hashicorp/aws\"]",
      "instances": [
        {
          "schema_version": 0,
          "attributes": {
            "acceleration_status": "",
            "acl": null,
            "arn": "arn:aws:s3:::767397787090-terraform-my-test-bucket-767397787090",
            "bucket": "767397787090-terraform-my-test-bucket-767397787090",
            "bucket_domain_name": "767397787090-terraform-my-test-bucket-767397787090.s3.amazonaws.com",
            "bucket_prefix": "",
            "bucket_regional_domain_name": "767397787090-terraform-my-test-bucket-767397787090.s3.eu-central-1.amazonaws.com",
            "cors_rule": [],
            "force_destroy": false,
            "grant": [
              {
                "id": "796e3b713913ef9d7bc2ef31f6a6f54fb2eff8794142a674f721a48da896d821",
                "permissions": [
                  "FULL_CONTROL"
                ],
                "type": "CanonicalUser",
                "uri": ""
              }
            ],
            "hosted_zone_id": "Z21DNDUVLTQW6Q",
            "id": "767397787090-terraform-my-test-bucket-767397787090",
            "lifecycle_rule": [],
            "logging": [],
            "object_lock_configuration": [],
            "object_lock_enabled": false,
            "policy": "",
            "region": "eu-central-1",
            "replication_configuration": [],
            "request_payer": "BucketOwner",
            "server_side_encryption_configuration": [
              {
                "rule": [
                  {
                    "apply_server_side_encryption_by_default": [
                      {
                        "kms_master_key_id": "",
                        "sse_algorithm": "AES256"
                      }
                    ],
                    "bucket_key_enabled": false
                  }
                ]
              }
            ],
            "tags": {
              "Environment": "stage",
              "Name": "test"
            },
            "tags_all": {
              "Environment": "stage",
              "Name": "test"
            },
            "timeouts": null,
            "versioning": [
              {
                "enabled": false,
                "mfa_delete": false
              }
            ],
            "website": [],
            "website_domain": null,
            "website_endpoint": null
          },
          "sensitive_attributes": [],
          "private": "eyJlMmJmYjczMC1lY2FhLTExZTYtOGY4OC0zNDM2M2JjN2M0YzAiOnsiY3JlYXRlIjoxMjAwMDAwMDAwMDAwLCJkZWxldGUiOjM2MDAwMDAwMDAwMDAsInJlYWQiOjEyMDAwMDAwMDAwMDAsInVwZGF0ZSI6MTIwMDAwMDAwMDAwMH19",
          "dependencies": [
            "data.aws_caller_identity.current"
          ]
        }
      ]
    },
    {
      "module": "module.table_authors",
      "mode": "managed",
      "type": "aws_dynamodb_table",
      "name": "this",
      "provider": "provider[\"registry.terraform.io/hashicorp/aws\"]",
      "instances": [
        {
          "schema_version": 1,
          "attributes": {
            "arn": "arn:aws:dynamodb:eu-central-1:767397787090:table/authors",
            "attribute": [
              {
                "name": "id",
                "type": "S"
              }
            ],
            "billing_mode": "PROVISIONED",
            "deletion_protection_enabled": false,
            "global_secondary_index": [],
            "hash_key": "id",
            "id": "authors",
            "import_table": [],
            "local_secondary_index": [],
            "name": "authors",
            "point_in_time_recovery": [
              {
                "enabled": false
              }
            ],
            "range_key": null,
            "read_capacity": 20,
            "replica": [],
            "restore_date_time": null,
            "restore_source_name": null,
            "restore_to_latest_time": null,
            "server_side_encryption": [],
            "stream_arn": "",
            "stream_enabled": false,
            "stream_label": "",
            "stream_view_type": "",
            "table_class": "STANDARD",
            "tags": {},
            "tags_all": {},
            "timeouts": null,
            "ttl": [
              {
                "attribute_name": "",
                "enabled": false
              }
            ],
            "write_capacity": 20
          },
          "sensitive_attributes": [],
          "private": "eyJlMmJmYjczMC1lY2FhLTExZTYtOGY4OC0zNDM2M2JjN2M0YzAiOnsiY3JlYXRlIjoxODAwMDAwMDAwMDAwLCJkZWxldGUiOjYwMDAwMDAwMDAwMCwidXBkYXRlIjozNjAwMDAwMDAwMDAwfSwic2NoZW1hX3ZlcnNpb24iOiIxIn0="
        }
      ]
    },
    {
      "module": "module.table_courses",
      "mode": "managed",
      "type": "aws_dynamodb_table",
      "name": "this",
      "provider": "provider[\"registry.terraform.io/hashicorp/aws\"]",
      "instances": [
        {
          "schema_version": 1,
          "attributes": {
            "arn": "arn:aws:dynamodb:eu-central-1:767397787090:table/courses",
            "attribute": [
              {
                "name": "id",
                "type": "S"
              }
            ],
            "billing_mode": "PROVISIONED",
            "deletion_protection_enabled": false,
            "global_secondary_index": [],
            "hash_key": "id",
            "id": "courses",
            "import_table": [],
            "local_secondary_index": [],
            "name": "courses",
            "point_in_time_recovery": [
              {
                "enabled": false
              }
            ],
            "range_key": null,
            "read_capacity": 20,
            "replica": [],
            "restore_date_time": null,
            "restore_source_name": null,
            "restore_to_latest_time": null,
            "server_side_encryption": [],
            "stream_arn": "",
            "stream_enabled": false,
            "stream_label": "",
            "stream_view_type": "",
            "table_class": "STANDARD",
            "tags": {},
            "tags_all": {},
            "timeouts": null,
            "ttl": [
              {
                "attribute_name": "",
                "enabled": false
              }
            ],
            "write_capacity": 20
          },
          "sensitive_attributes": [],
          "private": "eyJlMmJmYjczMC1lY2FhLTExZTYtOGY4OC0zNDM2M2JjN2M0YzAiOnsiY3JlYXRlIjoxODAwMDAwMDAwMDAwLCJkZWxldGUiOjYwMDAwMDAwMDAwMCwidXBkYXRlIjozNjAwMDAwMDAwMDAwfSwic2NoZW1hX3ZlcnNpb24iOiIxIn0="
        }
      ]
    }
  ],
  "check_results": [
    {
      "object_kind": "var",
      "config_addr": "module.label.var.label_key_case",
      "status": "unknown",
      "objects": [
        {
          "object_addr": "module.label.var.label_key_case",
          "status": "unknown"
        }
      ]
    },
    {
      "object_kind": "var",
      "config_addr": "module.label.var.context",
      "status": "unknown",
      "objects": [
        {
          "object_addr": "module.label.var.context",
          "status": "unknown"
        }
      ]
    },
    {
      "object_kind": "var",
      "config_addr": "module.table_authors.module.label.var.context",
      "status": "unknown",
      "objects": [
        {
          "object_addr": "module.table_authors.module.label.var.context",
          "status": "unknown"
        }
      ]
    },
    {
      "object_kind": "var",
      "config_addr": "module.lambdas.module.label.var.id_length_limit",
      "status": "unknown",
      "objects": [
        {
          "object_addr": "module.lambdas.module.label.var.id_length_limit",
          "status": "unknown"
        }
      ]
    },
    {
      "object_kind": "var",
      "config_addr": "module.table_courses.var.context",
      "status": "unknown",
      "objects": [
        {
          "object_addr": "module.table_courses.var.context",
          "status": "unknown"
        }
      ]
    },
    {
      "object_kind": "var",
      "config_addr": "module.table_courses.var.label_value_case",
      "status": "unknown",
      "objects": [
        {
          "object_addr": "module.table_courses.var.label_value_case",
          "status": "unknown"
        }
      ]
    },
    {
      "object_kind": "var",
      "config_addr": "var.label_key_case",
      "status": "pass",
      "objects": [
        {
          "object_addr": "var.label_key_case",
          "status": "pass"
        }
      ]
    },
    {
      "object_kind": "var",
      "config_addr": "module.table_courses.module.label.var.label_value_case",
      "status": "unknown",
      "objects": [
        {
          "object_addr": "module.table_courses.module.label.var.label_value_case",
          "status": "unknown"
        }
      ]
    },
    {
      "object_kind": "var",
      "config_addr": "module.table_courses.var.label_key_case",
      "status": "unknown",
      "objects": [
        {
          "object_addr": "module.table_courses.var.label_key_case",
          "status": "unknown"
        }
      ]
    },
    {
      "object_kind": "var",
      "config_addr": "module.lambdas.module.label.var.label_value_case",
      "status": "unknown",
      "objects": [
        {
          "object_addr": "module.lambdas.module.label.var.label_value_case",
          "status": "unknown"
        }
      ]
    },
    {
      "object_kind": "var",
      "config_addr": "module.label_s3.var.context",
      "status": "unknown",
      "objects": [
        {
          "object_addr": "module.label_s3.var.context",
          "status": "unknown"
        }
      ]
    },
    {
      "object_kind": "var",
      "config_addr": "module.label.var.label_value_case",
      "status": "unknown",
      "objects": [
        {
          "object_addr": "module.label.var.label_value_case",
          "status": "unknown"
        }
      ]
    },
    {
      "object_kind": "var",
      "config_addr": "module.table_authors.module.label.var.label_key_case",
      "status": "unknown",
      "objects": [
        {
          "object_addr": "module.table_authors.module.label.var.label_key_case",
          "status": "unknown"
        }
      ]
    },
    {
      "object_kind": "var",
      "config_addr": "module.lambdas.var.context",
      "status": "unknown",
      "objects": [
        {
          "object_addr": "module.lambdas.var.context",
          "status": "unknown"
        }
      ]
    },
    {
      "object_kind": "var",
      "config_addr": "module.table_authors.module.label.var.id_length_limit",
      "status": "unknown",
      "objects": [
        {
          "object_addr": "module.table_authors.module.label.var.id_length_limit",
          "status": "unknown"
        }
      ]
    },
    {
      "object_kind": "var",
      "config_addr": "module.label_s3.var.label_key_case",
      "status": "unknown",
      "objects": [
        {
          "object_addr": "module.label_s3.var.label_key_case",
          "status": "unknown"
        }
      ]
    },
    {
      "object_kind": "var",
      "config_addr": "module.table_authors.var.label_key_case",
      "status": "unknown",
      "objects": [
        {
          "object_addr": "module.table_authors.var.label_key_case",
          "status": "unknown"
        }
      ]
    },
    {
      "object_kind": "var",
      "config_addr": "module.table_authors.var.context",
      "status": "unknown",
      "objects": [
        {
          "object_addr": "module.table_authors.var.context",
          "status": "unknown"
        }
      ]
    },
    {
      "object_kind": "var",
      "config_addr": "module.lambdas.module.label.var.label_key_case",
      "status": "unknown",
      "objects": [
        {
          "object_addr": "module.lambdas.module.label.var.label_key_case",
          "status": "unknown"
        }
      ]
    },
    {
      "object_kind": "var",
      "config_addr": "module.label.var.id_length_limit",
      "status": "unknown",
      "objects": [
        {
          "object_addr": "module.label.var.id_length_limit",
          "status": "unknown"
        }
      ]
    },
    {
      "object_kind": "var",
      "config_addr": "module.table_authors.module.label.var.label_value_case",
      "status": "unknown",
      "objects": [
        {
          "object_addr": "module.table_authors.module.label.var.label_value_case",
          "status": "unknown"
        }
      ]
    },
    {
      "object_kind": "var",
      "config_addr": "module.lambdas.module.label.var.context",
      "status": "unknown",
      "objects": [
        {
          "object_addr": "module.lambdas.module.label.var.context",
          "status": "unknown"
        }
      ]
    },
    {
      "object_kind": "var",
      "config_addr": "module.label_s3.var.id_length_limit",
      "status": "unknown",
      "objects": [
        {
          "object_addr": "module.label_s3.var.id_length_limit",
          "status": "unknown"
        }
      ]
    },
    {
      "object_kind": "var",
      "config_addr": "module.label_s3.var.label_value_case",
      "status": "unknown",
      "objects": [
        {
          "object_addr": "module.label_s3.var.label_value_case",
          "status": "unknown"
        }
      ]
    },
    {
      "object_kind": "var",
      "config_addr": "module.lambdas.var.id_length_limit",
      "status": "unknown",
      "objects": [
        {
          "object_addr": "module.lambdas.var.id_length_limit",
          "status": "unknown"
        }
      ]
    },
    {
      "object_kind": "var",
      "config_addr": "module.table_authors.var.id_length_limit",
      "status": "unknown",
      "objects": [
        {
          "object_addr": "module.table_authors.var.id_length_limit",
          "status": "unknown"
        }
      ]
    },
    {
      "object_kind": "var",
      "config_addr": "module.table_courses.module.label.var.label_key_case",
      "status": "unknown",
      "objects": [
        {
          "object_addr": "module.table_courses.module.label.var.label_key_case",
          "status": "unknown"
        }
      ]
    },
    {
      "object_kind": "var",
      "config_addr": "module.table_authors.var.label_value_case",
      "status": "unknown",
      "objects": [
        {
          "object_addr": "module.table_authors.var.label_value_case",
          "status": "unknown"
        }
      ]
    },
    {
      "object_kind": "var",
      "config_addr": "var.context",
      "status": "pass",
      "objects": [
        {
          "object_addr": "var.context",
          "status": "pass"
        }
      ]
    },
    {
      "object_kind": "var",
      "config_addr": "module.table_courses.module.label.var.context",
      "status": "unknown",
      "objects": [
        {
          "object_addr": "module.table_courses.module.label.var.context",
          "status": "unknown"
        }
      ]
    },
    {
      "object_kind": "var",
      "config_addr": "var.label_value_case",
      "status": "pass",
      "objects": [
        {
          "object_addr": "var.label_value_case",
          "status": "pass"
        }
      ]
    },
    {
      "object_kind": "var",
      "config_addr": "module.lambdas.var.label_value_case",
      "status": "unknown",
      "objects": [
        {
          "object_addr": "module.lambdas.var.label_value_case",
          "status": "unknown"
        }
      ]
    },
    {
      "object_kind": "var",
      "config_addr": "module.table_courses.module.label.var.id_length_limit",
      "status": "unknown",
      "objects": [
        {
          "object_addr": "module.table_courses.module.label.var.id_length_limit",
          "status": "unknown"
        }
      ]
    },
    {
      "object_kind": "var",
      "config_addr": "module.lambdas.var.label_key_case",
      "status": "unknown",
      "objects": [
        {
          "object_addr": "module.lambdas.var.label_key_case",
          "status": "unknown"
        }
      ]
    },
    {
      "object_kind": "var",
      "config_addr": "module.table_courses.var.id_length_limit",
      "status": "unknown",
      "objects": [
        {
          "object_addr": "module.table_courses.var.id_length_limit",
          "status": "unknown"
        }
      ]
    },
    {
      "object_kind": "var",
      "config_addr": "var.id_length_limit",
      "status": "pass",
      "objects": [
        {
          "object_addr": "var.id_length_limit",
          "status": "pass"
        }
      ]
    }
  ]
}
